// !$*UTF8*$!
{
	archiveVersion = 1;
	classes = {
	};
	objectVersion = 46;
	objects = {

/* Begin PBXBuildFile section */
		5467388B1C3996A200AA42F1 /* GoogleChromeTests.swift in Sources */ = {isa = PBXBuildFile; fileRef = 546738821C3996A200AA42F1 /* GoogleChromeTests.swift */; };
		5467388C1C3996A200AA42F1 /* GoogleChromeTests.swift in Sources */ = {isa = PBXBuildFile; fileRef = 546738821C3996A200AA42F1 /* GoogleChromeTests.swift */; };
		5467388D1C3996A200AA42F1 /* GoogleDriveTests.swift in Sources */ = {isa = PBXBuildFile; fileRef = 546738831C3996A200AA42F1 /* GoogleDriveTests.swift */; };
		5467388E1C3996A200AA42F1 /* GoogleDriveTests.swift in Sources */ = {isa = PBXBuildFile; fileRef = 546738831C3996A200AA42F1 /* GoogleDriveTests.swift */; };
		5467388F1C3996A200AA42F1 /* LinkedinTests.swift in Sources */ = {isa = PBXBuildFile; fileRef = 546738841C3996A200AA42F1 /* LinkedinTests.swift */; };
		546738901C3996A200AA42F1 /* LinkedinTests.swift in Sources */ = {isa = PBXBuildFile; fileRef = 546738841C3996A200AA42F1 /* LinkedinTests.swift */; };
		546738911C3996A200AA42F1 /* MusicTests.swift in Sources */ = {isa = PBXBuildFile; fileRef = 546738851C3996A200AA42F1 /* MusicTests.swift */; };
		546738921C3996A200AA42F1 /* MusicTests.swift in Sources */ = {isa = PBXBuildFile; fileRef = 546738851C3996A200AA42F1 /* MusicTests.swift */; };
		546738931C3996A200AA42F1 /* PhoneTests.swift in Sources */ = {isa = PBXBuildFile; fileRef = 546738861C3996A200AA42F1 /* PhoneTests.swift */; };
		546738941C3996A200AA42F1 /* PhoneTests.swift in Sources */ = {isa = PBXBuildFile; fileRef = 546738861C3996A200AA42F1 /* PhoneTests.swift */; };
		546738951C3996A200AA42F1 /* RemindersAppTests.swift in Sources */ = {isa = PBXBuildFile; fileRef = 546738871C3996A200AA42F1 /* RemindersAppTests.swift */; };
		546738961C3996A200AA42F1 /* RemindersAppTests.swift in Sources */ = {isa = PBXBuildFile; fileRef = 546738871C3996A200AA42F1 /* RemindersAppTests.swift */; };
		546738971C3996A200AA42F1 /* RemoteTests.swift in Sources */ = {isa = PBXBuildFile; fileRef = 546738881C3996A200AA42F1 /* RemoteTests.swift */; };
		546738981C3996A200AA42F1 /* RemoteTests.swift in Sources */ = {isa = PBXBuildFile; fileRef = 546738881C3996A200AA42F1 /* RemoteTests.swift */; };
		546738991C3996A200AA42F1 /* ScannerProTests.swift in Sources */ = {isa = PBXBuildFile; fileRef = 546738891C3996A200AA42F1 /* ScannerProTests.swift */; };
		5467389A1C3996A200AA42F1 /* ScannerProTests.swift in Sources */ = {isa = PBXBuildFile; fileRef = 546738891C3996A200AA42F1 /* ScannerProTests.swift */; };
		5467389B1C3996A200AA42F1 /* SkypeTests.swift in Sources */ = {isa = PBXBuildFile; fileRef = 5467388A1C3996A200AA42F1 /* SkypeTests.swift */; };
		5467389C1C3996A200AA42F1 /* SkypeTests.swift in Sources */ = {isa = PBXBuildFile; fileRef = 5467388A1C3996A200AA42F1 /* SkypeTests.swift */; };
		54D5CFFC1C3995EE0039D512 /* GoogleChrome.swift in Sources */ = {isa = PBXBuildFile; fileRef = 54D5CFF31C3995EE0039D512 /* GoogleChrome.swift */; };
		54D5CFFD1C3995EE0039D512 /* GoogleChrome.swift in Sources */ = {isa = PBXBuildFile; fileRef = 54D5CFF31C3995EE0039D512 /* GoogleChrome.swift */; };
		54D5CFFE1C3995EE0039D512 /* GoogleChrome.swift in Sources */ = {isa = PBXBuildFile; fileRef = 54D5CFF31C3995EE0039D512 /* GoogleChrome.swift */; };
		54D5CFFF1C3995EE0039D512 /* GoogleDrive.swift in Sources */ = {isa = PBXBuildFile; fileRef = 54D5CFF41C3995EE0039D512 /* GoogleDrive.swift */; };
		54D5D0001C3995EE0039D512 /* GoogleDrive.swift in Sources */ = {isa = PBXBuildFile; fileRef = 54D5CFF41C3995EE0039D512 /* GoogleDrive.swift */; };
		54D5D0011C3995EE0039D512 /* GoogleDrive.swift in Sources */ = {isa = PBXBuildFile; fileRef = 54D5CFF41C3995EE0039D512 /* GoogleDrive.swift */; };
		54D5D0021C3995EE0039D512 /* Linkedin.swift in Sources */ = {isa = PBXBuildFile; fileRef = 54D5CFF51C3995EE0039D512 /* Linkedin.swift */; };
		54D5D0031C3995EE0039D512 /* Linkedin.swift in Sources */ = {isa = PBXBuildFile; fileRef = 54D5CFF51C3995EE0039D512 /* Linkedin.swift */; };
		54D5D0041C3995EE0039D512 /* Linkedin.swift in Sources */ = {isa = PBXBuildFile; fileRef = 54D5CFF51C3995EE0039D512 /* Linkedin.swift */; };
		54D5D0051C3995EE0039D512 /* Music.swift in Sources */ = {isa = PBXBuildFile; fileRef = 54D5CFF61C3995EE0039D512 /* Music.swift */; };
		54D5D0061C3995EE0039D512 /* Music.swift in Sources */ = {isa = PBXBuildFile; fileRef = 54D5CFF61C3995EE0039D512 /* Music.swift */; };
		54D5D0071C3995EE0039D512 /* Music.swift in Sources */ = {isa = PBXBuildFile; fileRef = 54D5CFF61C3995EE0039D512 /* Music.swift */; };
		54D5D0081C3995EE0039D512 /* Phone.swift in Sources */ = {isa = PBXBuildFile; fileRef = 54D5CFF71C3995EE0039D512 /* Phone.swift */; };
		54D5D0091C3995EE0039D512 /* Phone.swift in Sources */ = {isa = PBXBuildFile; fileRef = 54D5CFF71C3995EE0039D512 /* Phone.swift */; };
		54D5D00A1C3995EE0039D512 /* Phone.swift in Sources */ = {isa = PBXBuildFile; fileRef = 54D5CFF71C3995EE0039D512 /* Phone.swift */; };
		54D5D00B1C3995EE0039D512 /* RemindersApp.swift in Sources */ = {isa = PBXBuildFile; fileRef = 54D5CFF81C3995EE0039D512 /* RemindersApp.swift */; };
		54D5D00C1C3995EE0039D512 /* RemindersApp.swift in Sources */ = {isa = PBXBuildFile; fileRef = 54D5CFF81C3995EE0039D512 /* RemindersApp.swift */; };
		54D5D00D1C3995EE0039D512 /* RemindersApp.swift in Sources */ = {isa = PBXBuildFile; fileRef = 54D5CFF81C3995EE0039D512 /* RemindersApp.swift */; };
		54D5D00E1C3995EE0039D512 /* Remote.swift in Sources */ = {isa = PBXBuildFile; fileRef = 54D5CFF91C3995EE0039D512 /* Remote.swift */; };
		54D5D00F1C3995EE0039D512 /* Remote.swift in Sources */ = {isa = PBXBuildFile; fileRef = 54D5CFF91C3995EE0039D512 /* Remote.swift */; };
		54D5D0101C3995EE0039D512 /* Remote.swift in Sources */ = {isa = PBXBuildFile; fileRef = 54D5CFF91C3995EE0039D512 /* Remote.swift */; };
		54D5D0111C3995EE0039D512 /* ScannerPro.swift in Sources */ = {isa = PBXBuildFile; fileRef = 54D5CFFA1C3995EE0039D512 /* ScannerPro.swift */; };
		54D5D0121C3995EE0039D512 /* ScannerPro.swift in Sources */ = {isa = PBXBuildFile; fileRef = 54D5CFFA1C3995EE0039D512 /* ScannerPro.swift */; };
		54D5D0131C3995EE0039D512 /* ScannerPro.swift in Sources */ = {isa = PBXBuildFile; fileRef = 54D5CFFA1C3995EE0039D512 /* ScannerPro.swift */; };
		54D5D0141C3995EE0039D512 /* Skype.swift in Sources */ = {isa = PBXBuildFile; fileRef = 54D5CFFB1C3995EE0039D512 /* Skype.swift */; };
		54D5D0151C3995EE0039D512 /* Skype.swift in Sources */ = {isa = PBXBuildFile; fileRef = 54D5CFFB1C3995EE0039D512 /* Skype.swift */; };
		54D5D0161C3995EE0039D512 /* Skype.swift in Sources */ = {isa = PBXBuildFile; fileRef = 54D5CFFB1C3995EE0039D512 /* Skype.swift */; };
		8246C8D51C1F9B0800569119 /* ApplicationCallerTests.swift in Sources */ = {isa = PBXBuildFile; fileRef = 8246C8D41C1F9B0800569119 /* ApplicationCallerTests.swift */; };
		8254C7791C24B515009DB3BD /* PathTests.swift in Sources */ = {isa = PBXBuildFile; fileRef = 8254C7781C24B515009DB3BD /* PathTests.swift */; };
		8254C77C1C25746E009DB3BD /* NSExtensionContextApplicationCallerTests.swift in Sources */ = {isa = PBXBuildFile; fileRef = 8254C77B1C25746E009DB3BD /* NSExtensionContextApplicationCallerTests.swift */; };
		8254C77E1C25751A009DB3BD /* SampleApp.swift in Sources */ = {isa = PBXBuildFile; fileRef = 8254C77D1C25751A009DB3BD /* SampleApp.swift */; };
		8254C7801C257523009DB3BD /* SampleAction.swift in Sources */ = {isa = PBXBuildFile; fileRef = 8254C77F1C257523009DB3BD /* SampleAction.swift */; };
		8254C7841C2608BA009DB3BD /* Path.swift in Sources */ = {isa = PBXBuildFile; fileRef = 82D9A0FA1C1E495D00EAC0ED /* Path.swift */; };
		8254C7861C2608BA009DB3BD /* ExternalApplication.swift in Sources */ = {isa = PBXBuildFile; fileRef = 826ACF1A1BF1BD7F00B5FC5D /* ExternalApplication.swift */; };
		8254C78C1C2608BA009DB3BD /* Applications.swift in Sources */ = {isa = PBXBuildFile; fileRef = 826ACF181BF1BD1F00B5FC5D /* Applications.swift */; };
		8254C78D1C2608BA009DB3BD /* ApplicationCaller.swift in Sources */ = {isa = PBXBuildFile; fileRef = 826ACF5B1BF1E26B00B5FC5D /* ApplicationCaller.swift */; };
		8254C78E1C2608BA009DB3BD /* UIApplication+ApplicationCaller.swift in Sources */ = {isa = PBXBuildFile; fileRef = 826ACF241BF1C00800B5FC5D /* UIApplication+ApplicationCaller.swift */; };
		8254C7A01C2609FC009DB3BD /* Appz.framework in Frameworks */ = {isa = PBXBuildFile; fileRef = 8254C7951C2608BA009DB3BD /* Appz.framework */; };
		8254C7AC1C260A3B009DB3BD /* ApplicationCallerTests.swift in Sources */ = {isa = PBXBuildFile; fileRef = 8246C8D41C1F9B0800569119 /* ApplicationCallerTests.swift */; };
		8254C7AD1C260A3B009DB3BD /* PathTests.swift in Sources */ = {isa = PBXBuildFile; fileRef = 8254C7781C24B515009DB3BD /* PathTests.swift */; };
		8254C7AE1C260A3B009DB3BD /* NSExtensionContextApplicationCallerTests.swift in Sources */ = {isa = PBXBuildFile; fileRef = 8254C77B1C25746E009DB3BD /* NSExtensionContextApplicationCallerTests.swift */; };
		8254C7AF1C260A3B009DB3BD /* ApplicationCallerMock.swift in Sources */ = {isa = PBXBuildFile; fileRef = 827EF6161BF2756C000B1607 /* ApplicationCallerMock.swift */; };
		8254C7B01C260A3B009DB3BD /* SampleApp.swift in Sources */ = {isa = PBXBuildFile; fileRef = 8254C77D1C25751A009DB3BD /* SampleApp.swift */; };
		8254C7B11C260A3B009DB3BD /* SampleAction.swift in Sources */ = {isa = PBXBuildFile; fileRef = 8254C77F1C257523009DB3BD /* SampleAction.swift */; };
		8254C7B51C260DA8009DB3BD /* Path.swift in Sources */ = {isa = PBXBuildFile; fileRef = 82D9A0FA1C1E495D00EAC0ED /* Path.swift */; };
		8254C7B71C260DA8009DB3BD /* ExternalApplication.swift in Sources */ = {isa = PBXBuildFile; fileRef = 826ACF1A1BF1BD7F00B5FC5D /* ExternalApplication.swift */; };
		8254C7B91C260DA8009DB3BD /* NSExtensionContext+ApplicationCaller.swift in Sources */ = {isa = PBXBuildFile; fileRef = 826ACF5D1BF1E4BE00B5FC5D /* NSExtensionContext+ApplicationCaller.swift */; };
		8254C7BD1C260DA8009DB3BD /* Applications.swift in Sources */ = {isa = PBXBuildFile; fileRef = 826ACF181BF1BD1F00B5FC5D /* Applications.swift */; };
		8254C7BE1C260DA8009DB3BD /* ApplicationCaller.swift in Sources */ = {isa = PBXBuildFile; fileRef = 826ACF5B1BF1E26B00B5FC5D /* ApplicationCaller.swift */; };
		8254C7C81C26124D009DB3BD /* NSExtensionContext+ApplicationCaller.swift in Sources */ = {isa = PBXBuildFile; fileRef = 826ACF5D1BF1E4BE00B5FC5D /* NSExtensionContext+ApplicationCaller.swift */; };
		8254C7C91C26124D009DB3BD /* NSExtensionContext+ApplicationCaller.swift in Sources */ = {isa = PBXBuildFile; fileRef = 826ACF5D1BF1E4BE00B5FC5D /* NSExtensionContext+ApplicationCaller.swift */; };
		826ACEE91BF1B10A00B5FC5D /* Appz.framework in Frameworks */ = {isa = PBXBuildFile; fileRef = 826ACEDE1BF1B10A00B5FC5D /* Appz.framework */; };
		826ACF191BF1BD1F00B5FC5D /* Applications.swift in Sources */ = {isa = PBXBuildFile; fileRef = 826ACF181BF1BD1F00B5FC5D /* Applications.swift */; };
		826ACF1B1BF1BD7F00B5FC5D /* ExternalApplication.swift in Sources */ = {isa = PBXBuildFile; fileRef = 826ACF1A1BF1BD7F00B5FC5D /* ExternalApplication.swift */; };
		826ACF251BF1C00800B5FC5D /* UIApplication+ApplicationCaller.swift in Sources */ = {isa = PBXBuildFile; fileRef = 826ACF241BF1C00800B5FC5D /* UIApplication+ApplicationCaller.swift */; };
		826ACF5C1BF1E26B00B5FC5D /* ApplicationCaller.swift in Sources */ = {isa = PBXBuildFile; fileRef = 826ACF5B1BF1E26B00B5FC5D /* ApplicationCaller.swift */; };
		827EF6171BF2756C000B1607 /* ApplicationCallerMock.swift in Sources */ = {isa = PBXBuildFile; fileRef = 827EF6161BF2756C000B1607 /* ApplicationCallerMock.swift */; };
		82D9A0FB1C1E495D00EAC0ED /* Path.swift in Sources */ = {isa = PBXBuildFile; fileRef = 82D9A0FA1C1E495D00EAC0ED /* Path.swift */; };
		82F315A31C38538100CEFE92 /* AppStore.swift in Sources */ = {isa = PBXBuildFile; fileRef = 82F315841C38538100CEFE92 /* AppStore.swift */; };
		82F315A41C38538100CEFE92 /* AppStore.swift in Sources */ = {isa = PBXBuildFile; fileRef = 82F315841C38538100CEFE92 /* AppStore.swift */; };
		82F315A51C38538100CEFE92 /* AppStore.swift in Sources */ = {isa = PBXBuildFile; fileRef = 82F315841C38538100CEFE92 /* AppStore.swift */; };
		82F315A61C38538100CEFE92 /* Audible.swift in Sources */ = {isa = PBXBuildFile; fileRef = 82F315851C38538100CEFE92 /* Audible.swift */; };
		82F315A71C38538100CEFE92 /* Audible.swift in Sources */ = {isa = PBXBuildFile; fileRef = 82F315851C38538100CEFE92 /* Audible.swift */; };
		82F315A81C38538100CEFE92 /* Audible.swift in Sources */ = {isa = PBXBuildFile; fileRef = 82F315851C38538100CEFE92 /* Audible.swift */; };
		82F315A91C38538100CEFE92 /* DayOne.swift in Sources */ = {isa = PBXBuildFile; fileRef = 82F315861C38538100CEFE92 /* DayOne.swift */; };
		82F315AA1C38538100CEFE92 /* DayOne.swift in Sources */ = {isa = PBXBuildFile; fileRef = 82F315861C38538100CEFE92 /* DayOne.swift */; };
		82F315AB1C38538100CEFE92 /* DayOne.swift in Sources */ = {isa = PBXBuildFile; fileRef = 82F315861C38538100CEFE92 /* DayOne.swift */; };
		82F315AC1C38538100CEFE92 /* Documents.swift in Sources */ = {isa = PBXBuildFile; fileRef = 82F315871C38538100CEFE92 /* Documents.swift */; };
		82F315AD1C38538100CEFE92 /* Documents.swift in Sources */ = {isa = PBXBuildFile; fileRef = 82F315871C38538100CEFE92 /* Documents.swift */; };
		82F315AE1C38538100CEFE92 /* Documents.swift in Sources */ = {isa = PBXBuildFile; fileRef = 82F315871C38538100CEFE92 /* Documents.swift */; };
		82F315AF1C38538100CEFE92 /* Dropbox.swift in Sources */ = {isa = PBXBuildFile; fileRef = 82F315881C38538100CEFE92 /* Dropbox.swift */; };
		82F315B01C38538100CEFE92 /* Dropbox.swift in Sources */ = {isa = PBXBuildFile; fileRef = 82F315881C38538100CEFE92 /* Dropbox.swift */; };
		82F315B11C38538100CEFE92 /* Dropbox.swift in Sources */ = {isa = PBXBuildFile; fileRef = 82F315881C38538100CEFE92 /* Dropbox.swift */; };
		82F315B21C38538100CEFE92 /* Ebay.swift in Sources */ = {isa = PBXBuildFile; fileRef = 82F315891C38538100CEFE92 /* Ebay.swift */; };
		82F315B31C38538100CEFE92 /* Ebay.swift in Sources */ = {isa = PBXBuildFile; fileRef = 82F315891C38538100CEFE92 /* Ebay.swift */; };
		82F315B41C38538100CEFE92 /* Ebay.swift in Sources */ = {isa = PBXBuildFile; fileRef = 82F315891C38538100CEFE92 /* Ebay.swift */; };
		82F315B51C38538100CEFE92 /* Facebook.swift in Sources */ = {isa = PBXBuildFile; fileRef = 82F3158A1C38538100CEFE92 /* Facebook.swift */; };
		82F315B61C38538100CEFE92 /* Facebook.swift in Sources */ = {isa = PBXBuildFile; fileRef = 82F3158A1C38538100CEFE92 /* Facebook.swift */; };
		82F315B71C38538100CEFE92 /* Facebook.swift in Sources */ = {isa = PBXBuildFile; fileRef = 82F3158A1C38538100CEFE92 /* Facebook.swift */; };
		82F315B81C38538100CEFE92 /* FindFriends.swift in Sources */ = {isa = PBXBuildFile; fileRef = 82F3158B1C38538100CEFE92 /* FindFriends.swift */; };
		82F315B91C38538100CEFE92 /* FindFriends.swift in Sources */ = {isa = PBXBuildFile; fileRef = 82F3158B1C38538100CEFE92 /* FindFriends.swift */; };
		82F315BA1C38538100CEFE92 /* FindFriends.swift in Sources */ = {isa = PBXBuildFile; fileRef = 82F3158B1C38538100CEFE92 /* FindFriends.swift */; };
		82F315BB1C38538100CEFE92 /* Flickr.swift in Sources */ = {isa = PBXBuildFile; fileRef = 82F3158C1C38538100CEFE92 /* Flickr.swift */; };
		82F315BC1C38538100CEFE92 /* Flickr.swift in Sources */ = {isa = PBXBuildFile; fileRef = 82F3158C1C38538100CEFE92 /* Flickr.swift */; };
		82F315BD1C38538100CEFE92 /* Flickr.swift in Sources */ = {isa = PBXBuildFile; fileRef = 82F3158C1C38538100CEFE92 /* Flickr.swift */; };
		82F315BE1C38538100CEFE92 /* GoogleEarth.swift in Sources */ = {isa = PBXBuildFile; fileRef = 82F3158D1C38538100CEFE92 /* GoogleEarth.swift */; };
		82F315BF1C38538100CEFE92 /* GoogleEarth.swift in Sources */ = {isa = PBXBuildFile; fileRef = 82F3158D1C38538100CEFE92 /* GoogleEarth.swift */; };
		82F315C01C38538100CEFE92 /* GoogleEarth.swift in Sources */ = {isa = PBXBuildFile; fileRef = 82F3158D1C38538100CEFE92 /* GoogleEarth.swift */; };
		82F315C11C38538100CEFE92 /* GoogleMail.swift in Sources */ = {isa = PBXBuildFile; fileRef = 82F3158E1C38538100CEFE92 /* GoogleMail.swift */; };
		82F315C21C38538100CEFE92 /* GoogleMail.swift in Sources */ = {isa = PBXBuildFile; fileRef = 82F3158E1C38538100CEFE92 /* GoogleMail.swift */; };
		82F315C31C38538100CEFE92 /* GoogleMail.swift in Sources */ = {isa = PBXBuildFile; fileRef = 82F3158E1C38538100CEFE92 /* GoogleMail.swift */; };
		82F315C41C38538100CEFE92 /* GoogleMaps.swift in Sources */ = {isa = PBXBuildFile; fileRef = 82F3158F1C38538100CEFE92 /* GoogleMaps.swift */; };
		82F315C51C38538100CEFE92 /* GoogleMaps.swift in Sources */ = {isa = PBXBuildFile; fileRef = 82F3158F1C38538100CEFE92 /* GoogleMaps.swift */; };
		82F315C61C38538100CEFE92 /* GoogleMaps.swift in Sources */ = {isa = PBXBuildFile; fileRef = 82F3158F1C38538100CEFE92 /* GoogleMaps.swift */; };
		82F315C71C38538100CEFE92 /* GooglePlus.swift in Sources */ = {isa = PBXBuildFile; fileRef = 82F315901C38538100CEFE92 /* GooglePlus.swift */; };
		82F315C81C38538100CEFE92 /* GooglePlus.swift in Sources */ = {isa = PBXBuildFile; fileRef = 82F315901C38538100CEFE92 /* GooglePlus.swift */; };
		82F315C91C38538100CEFE92 /* GooglePlus.swift in Sources */ = {isa = PBXBuildFile; fileRef = 82F315901C38538100CEFE92 /* GooglePlus.swift */; };
		82F315CA1C38538100CEFE92 /* Ibooks.swift in Sources */ = {isa = PBXBuildFile; fileRef = 82F315911C38538100CEFE92 /* Ibooks.swift */; };
		82F315CB1C38538100CEFE92 /* Ibooks.swift in Sources */ = {isa = PBXBuildFile; fileRef = 82F315911C38538100CEFE92 /* Ibooks.swift */; };
		82F315CC1C38538100CEFE92 /* Ibooks.swift in Sources */ = {isa = PBXBuildFile; fileRef = 82F315911C38538100CEFE92 /* Ibooks.swift */; };
		82F315CD1C38538100CEFE92 /* IMDb.swift in Sources */ = {isa = PBXBuildFile; fileRef = 82F315921C38538100CEFE92 /* IMDb.swift */; };
		82F315CE1C38538100CEFE92 /* IMDb.swift in Sources */ = {isa = PBXBuildFile; fileRef = 82F315921C38538100CEFE92 /* IMDb.swift */; };
		82F315CF1C38538100CEFE92 /* IMDb.swift in Sources */ = {isa = PBXBuildFile; fileRef = 82F315921C38538100CEFE92 /* IMDb.swift */; };
		82F315D01C38538100CEFE92 /* INRIXTraffic.swift in Sources */ = {isa = PBXBuildFile; fileRef = 82F315931C38538100CEFE92 /* INRIXTraffic.swift */; };
		82F315D11C38538100CEFE92 /* INRIXTraffic.swift in Sources */ = {isa = PBXBuildFile; fileRef = 82F315931C38538100CEFE92 /* INRIXTraffic.swift */; };
		82F315D21C38538100CEFE92 /* INRIXTraffic.swift in Sources */ = {isa = PBXBuildFile; fileRef = 82F315931C38538100CEFE92 /* INRIXTraffic.swift */; };
		82F315D31C38538100CEFE92 /* Instagram.swift in Sources */ = {isa = PBXBuildFile; fileRef = 82F315941C38538100CEFE92 /* Instagram.swift */; };
		82F315D41C38538100CEFE92 /* Instagram.swift in Sources */ = {isa = PBXBuildFile; fileRef = 82F315941C38538100CEFE92 /* Instagram.swift */; };
		82F315D51C38538100CEFE92 /* Instagram.swift in Sources */ = {isa = PBXBuildFile; fileRef = 82F315941C38538100CEFE92 /* Instagram.swift */; };
		82F315D61C38538100CEFE92 /* Itranslate.swift in Sources */ = {isa = PBXBuildFile; fileRef = 82F315951C38538100CEFE92 /* Itranslate.swift */; };
		82F315D71C38538100CEFE92 /* Itranslate.swift in Sources */ = {isa = PBXBuildFile; fileRef = 82F315951C38538100CEFE92 /* Itranslate.swift */; };
		82F315D81C38538100CEFE92 /* Itranslate.swift in Sources */ = {isa = PBXBuildFile; fileRef = 82F315951C38538100CEFE92 /* Itranslate.swift */; };
		82F315D91C38538100CEFE92 /* Mail.swift in Sources */ = {isa = PBXBuildFile; fileRef = 82F315961C38538100CEFE92 /* Mail.swift */; };
		82F315DA1C38538100CEFE92 /* Mail.swift in Sources */ = {isa = PBXBuildFile; fileRef = 82F315961C38538100CEFE92 /* Mail.swift */; };
		82F315DB1C38538100CEFE92 /* Mail.swift in Sources */ = {isa = PBXBuildFile; fileRef = 82F315961C38538100CEFE92 /* Mail.swift */; };
		82F315DC1C38538100CEFE92 /* Messages.swift in Sources */ = {isa = PBXBuildFile; fileRef = 82F315971C38538100CEFE92 /* Messages.swift */; };
		82F315DD1C38538100CEFE92 /* Messages.swift in Sources */ = {isa = PBXBuildFile; fileRef = 82F315971C38538100CEFE92 /* Messages.swift */; };
		82F315DE1C38538100CEFE92 /* Messages.swift in Sources */ = {isa = PBXBuildFile; fileRef = 82F315971C38538100CEFE92 /* Messages.swift */; };
		82F315DF1C38538100CEFE92 /* Paypal.swift in Sources */ = {isa = PBXBuildFile; fileRef = 82F315981C38538100CEFE92 /* Paypal.swift */; };
		82F315E01C38538100CEFE92 /* Paypal.swift in Sources */ = {isa = PBXBuildFile; fileRef = 82F315981C38538100CEFE92 /* Paypal.swift */; };
		82F315E11C38538100CEFE92 /* Paypal.swift in Sources */ = {isa = PBXBuildFile; fileRef = 82F315981C38538100CEFE92 /* Paypal.swift */; };
		82F315E21C38538100CEFE92 /* Pinterest.swift in Sources */ = {isa = PBXBuildFile; fileRef = 82F315991C38538100CEFE92 /* Pinterest.swift */; };
		82F315E31C38538100CEFE92 /* Pinterest.swift in Sources */ = {isa = PBXBuildFile; fileRef = 82F315991C38538100CEFE92 /* Pinterest.swift */; };
		82F315E41C38538100CEFE92 /* Pinterest.swift in Sources */ = {isa = PBXBuildFile; fileRef = 82F315991C38538100CEFE92 /* Pinterest.swift */; };
		82F315E51C38538100CEFE92 /* Quora.swift in Sources */ = {isa = PBXBuildFile; fileRef = 82F3159A1C38538100CEFE92 /* Quora.swift */; };
		82F315E61C38538100CEFE92 /* Quora.swift in Sources */ = {isa = PBXBuildFile; fileRef = 82F3159A1C38538100CEFE92 /* Quora.swift */; };
		82F315E71C38538100CEFE92 /* Quora.swift in Sources */ = {isa = PBXBuildFile; fileRef = 82F3159A1C38538100CEFE92 /* Quora.swift */; };
		82F315E81C38538100CEFE92 /* Settings.swift in Sources */ = {isa = PBXBuildFile; fileRef = 82F3159B1C38538100CEFE92 /* Settings.swift */; };
		82F315E91C38538100CEFE92 /* Settings.swift in Sources */ = {isa = PBXBuildFile; fileRef = 82F3159B1C38538100CEFE92 /* Settings.swift */; };
		82F315EB1C38538100CEFE92 /* Telegram.swift in Sources */ = {isa = PBXBuildFile; fileRef = 82F3159C1C38538100CEFE92 /* Telegram.swift */; };
		82F315EC1C38538100CEFE92 /* Telegram.swift in Sources */ = {isa = PBXBuildFile; fileRef = 82F3159C1C38538100CEFE92 /* Telegram.swift */; };
		82F315ED1C38538100CEFE92 /* Telegram.swift in Sources */ = {isa = PBXBuildFile; fileRef = 82F3159C1C38538100CEFE92 /* Telegram.swift */; };
		82F315EE1C38538100CEFE92 /* Tweetbot.swift in Sources */ = {isa = PBXBuildFile; fileRef = 82F3159D1C38538100CEFE92 /* Tweetbot.swift */; };
		82F315EF1C38538100CEFE92 /* Tweetbot.swift in Sources */ = {isa = PBXBuildFile; fileRef = 82F3159D1C38538100CEFE92 /* Tweetbot.swift */; };
		82F315F01C38538100CEFE92 /* Tweetbot.swift in Sources */ = {isa = PBXBuildFile; fileRef = 82F3159D1C38538100CEFE92 /* Tweetbot.swift */; };
		82F315F11C38538100CEFE92 /* Twitter.swift in Sources */ = {isa = PBXBuildFile; fileRef = 82F3159E1C38538100CEFE92 /* Twitter.swift */; };
		82F315F21C38538100CEFE92 /* Twitter.swift in Sources */ = {isa = PBXBuildFile; fileRef = 82F3159E1C38538100CEFE92 /* Twitter.swift */; };
		82F315F31C38538100CEFE92 /* Twitter.swift in Sources */ = {isa = PBXBuildFile; fileRef = 82F3159E1C38538100CEFE92 /* Twitter.swift */; };
		82F315F41C38538100CEFE92 /* Viber.swift in Sources */ = {isa = PBXBuildFile; fileRef = 82F3159F1C38538100CEFE92 /* Viber.swift */; };
		82F315F51C38538100CEFE92 /* Viber.swift in Sources */ = {isa = PBXBuildFile; fileRef = 82F3159F1C38538100CEFE92 /* Viber.swift */; };
		82F315F61C38538100CEFE92 /* Viber.swift in Sources */ = {isa = PBXBuildFile; fileRef = 82F3159F1C38538100CEFE92 /* Viber.swift */; };
		82F315F71C38538100CEFE92 /* WhatsApp.swift in Sources */ = {isa = PBXBuildFile; fileRef = 82F315A01C38538100CEFE92 /* WhatsApp.swift */; };
		82F315F81C38538100CEFE92 /* WhatsApp.swift in Sources */ = {isa = PBXBuildFile; fileRef = 82F315A01C38538100CEFE92 /* WhatsApp.swift */; };
		82F315F91C38538100CEFE92 /* WhatsApp.swift in Sources */ = {isa = PBXBuildFile; fileRef = 82F315A01C38538100CEFE92 /* WhatsApp.swift */; };
		82F315FA1C38538100CEFE92 /* Yelp.swift in Sources */ = {isa = PBXBuildFile; fileRef = 82F315A11C38538100CEFE92 /* Yelp.swift */; };
		82F315FB1C38538100CEFE92 /* Yelp.swift in Sources */ = {isa = PBXBuildFile; fileRef = 82F315A11C38538100CEFE92 /* Yelp.swift */; };
		82F315FC1C38538100CEFE92 /* Yelp.swift in Sources */ = {isa = PBXBuildFile; fileRef = 82F315A11C38538100CEFE92 /* Yelp.swift */; };
		82F315FD1C38538100CEFE92 /* Youtube.swift in Sources */ = {isa = PBXBuildFile; fileRef = 82F315A21C38538100CEFE92 /* Youtube.swift */; };
		82F315FE1C38538100CEFE92 /* Youtube.swift in Sources */ = {isa = PBXBuildFile; fileRef = 82F315A21C38538100CEFE92 /* Youtube.swift */; };
		82F315FF1C38538100CEFE92 /* Youtube.swift in Sources */ = {isa = PBXBuildFile; fileRef = 82F315A21C38538100CEFE92 /* Youtube.swift */; };
		82F3161F1C38539F00CEFE92 /* AppStoreTests.swift in Sources */ = {isa = PBXBuildFile; fileRef = 82F316001C38539F00CEFE92 /* AppStoreTests.swift */; };
		82F316201C38539F00CEFE92 /* AppStoreTests.swift in Sources */ = {isa = PBXBuildFile; fileRef = 82F316001C38539F00CEFE92 /* AppStoreTests.swift */; };
		82F316211C38539F00CEFE92 /* AudibleTests.swift in Sources */ = {isa = PBXBuildFile; fileRef = 82F316011C38539F00CEFE92 /* AudibleTests.swift */; };
		82F316221C38539F00CEFE92 /* AudibleTests.swift in Sources */ = {isa = PBXBuildFile; fileRef = 82F316011C38539F00CEFE92 /* AudibleTests.swift */; };
		82F316231C38539F00CEFE92 /* DayOneTests.swift in Sources */ = {isa = PBXBuildFile; fileRef = 82F316021C38539F00CEFE92 /* DayOneTests.swift */; };
		82F316241C38539F00CEFE92 /* DayOneTests.swift in Sources */ = {isa = PBXBuildFile; fileRef = 82F316021C38539F00CEFE92 /* DayOneTests.swift */; };
		82F316251C38539F00CEFE92 /* DocumentsTests.swift in Sources */ = {isa = PBXBuildFile; fileRef = 82F316031C38539F00CEFE92 /* DocumentsTests.swift */; };
		82F316261C38539F00CEFE92 /* DocumentsTests.swift in Sources */ = {isa = PBXBuildFile; fileRef = 82F316031C38539F00CEFE92 /* DocumentsTests.swift */; };
		82F316271C38539F00CEFE92 /* DropboxTests.swift in Sources */ = {isa = PBXBuildFile; fileRef = 82F316041C38539F00CEFE92 /* DropboxTests.swift */; };
		82F316281C38539F00CEFE92 /* DropboxTests.swift in Sources */ = {isa = PBXBuildFile; fileRef = 82F316041C38539F00CEFE92 /* DropboxTests.swift */; };
		82F316291C38539F00CEFE92 /* EbayTests.swift in Sources */ = {isa = PBXBuildFile; fileRef = 82F316051C38539F00CEFE92 /* EbayTests.swift */; };
		82F3162A1C38539F00CEFE92 /* EbayTests.swift in Sources */ = {isa = PBXBuildFile; fileRef = 82F316051C38539F00CEFE92 /* EbayTests.swift */; };
		82F3162B1C38539F00CEFE92 /* FacebookTests.swift in Sources */ = {isa = PBXBuildFile; fileRef = 82F316061C38539F00CEFE92 /* FacebookTests.swift */; };
		82F3162C1C38539F00CEFE92 /* FacebookTests.swift in Sources */ = {isa = PBXBuildFile; fileRef = 82F316061C38539F00CEFE92 /* FacebookTests.swift */; };
		82F3162D1C38539F00CEFE92 /* FindFriendsTests.swift in Sources */ = {isa = PBXBuildFile; fileRef = 82F316071C38539F00CEFE92 /* FindFriendsTests.swift */; };
		82F3162E1C38539F00CEFE92 /* FindFriendsTests.swift in Sources */ = {isa = PBXBuildFile; fileRef = 82F316071C38539F00CEFE92 /* FindFriendsTests.swift */; };
		82F3162F1C38539F00CEFE92 /* FlickrTests.swift in Sources */ = {isa = PBXBuildFile; fileRef = 82F316081C38539F00CEFE92 /* FlickrTests.swift */; };
		82F316301C38539F00CEFE92 /* FlickrTests.swift in Sources */ = {isa = PBXBuildFile; fileRef = 82F316081C38539F00CEFE92 /* FlickrTests.swift */; };
		82F316311C38539F00CEFE92 /* GoogleEarthTests.swift in Sources */ = {isa = PBXBuildFile; fileRef = 82F316091C38539F00CEFE92 /* GoogleEarthTests.swift */; };
		82F316321C38539F00CEFE92 /* GoogleEarthTests.swift in Sources */ = {isa = PBXBuildFile; fileRef = 82F316091C38539F00CEFE92 /* GoogleEarthTests.swift */; };
		82F316331C38539F00CEFE92 /* GoogleMailTests.swift in Sources */ = {isa = PBXBuildFile; fileRef = 82F3160A1C38539F00CEFE92 /* GoogleMailTests.swift */; };
		82F316341C38539F00CEFE92 /* GoogleMailTests.swift in Sources */ = {isa = PBXBuildFile; fileRef = 82F3160A1C38539F00CEFE92 /* GoogleMailTests.swift */; };
		82F316351C38539F00CEFE92 /* GoogleMapsTests.swift in Sources */ = {isa = PBXBuildFile; fileRef = 82F3160B1C38539F00CEFE92 /* GoogleMapsTests.swift */; };
		82F316361C38539F00CEFE92 /* GoogleMapsTests.swift in Sources */ = {isa = PBXBuildFile; fileRef = 82F3160B1C38539F00CEFE92 /* GoogleMapsTests.swift */; };
		82F316371C38539F00CEFE92 /* GooglePlusTests.swift in Sources */ = {isa = PBXBuildFile; fileRef = 82F3160C1C38539F00CEFE92 /* GooglePlusTests.swift */; };
		82F316381C38539F00CEFE92 /* GooglePlusTests.swift in Sources */ = {isa = PBXBuildFile; fileRef = 82F3160C1C38539F00CEFE92 /* GooglePlusTests.swift */; };
		82F316391C38539F00CEFE92 /* IbooksTests.swift in Sources */ = {isa = PBXBuildFile; fileRef = 82F3160D1C38539F00CEFE92 /* IbooksTests.swift */; };
		82F3163A1C38539F00CEFE92 /* IbooksTests.swift in Sources */ = {isa = PBXBuildFile; fileRef = 82F3160D1C38539F00CEFE92 /* IbooksTests.swift */; };
		82F3163B1C38539F00CEFE92 /* IMDbTests.swift in Sources */ = {isa = PBXBuildFile; fileRef = 82F3160E1C38539F00CEFE92 /* IMDbTests.swift */; };
		82F3163C1C38539F00CEFE92 /* IMDbTests.swift in Sources */ = {isa = PBXBuildFile; fileRef = 82F3160E1C38539F00CEFE92 /* IMDbTests.swift */; };
		82F3163D1C38539F00CEFE92 /* INRIXTrafficTests.swift in Sources */ = {isa = PBXBuildFile; fileRef = 82F3160F1C38539F00CEFE92 /* INRIXTrafficTests.swift */; };
		82F3163E1C38539F00CEFE92 /* INRIXTrafficTests.swift in Sources */ = {isa = PBXBuildFile; fileRef = 82F3160F1C38539F00CEFE92 /* INRIXTrafficTests.swift */; };
		82F3163F1C38539F00CEFE92 /* InstagramTests.swift in Sources */ = {isa = PBXBuildFile; fileRef = 82F316101C38539F00CEFE92 /* InstagramTests.swift */; };
		82F316401C38539F00CEFE92 /* InstagramTests.swift in Sources */ = {isa = PBXBuildFile; fileRef = 82F316101C38539F00CEFE92 /* InstagramTests.swift */; };
		82F316411C38539F00CEFE92 /* ItranslateTests.swift in Sources */ = {isa = PBXBuildFile; fileRef = 82F316111C38539F00CEFE92 /* ItranslateTests.swift */; };
		82F316421C38539F00CEFE92 /* ItranslateTests.swift in Sources */ = {isa = PBXBuildFile; fileRef = 82F316111C38539F00CEFE92 /* ItranslateTests.swift */; };
		82F316431C38539F00CEFE92 /* MailTests.swift in Sources */ = {isa = PBXBuildFile; fileRef = 82F316121C38539F00CEFE92 /* MailTests.swift */; };
		82F316441C38539F00CEFE92 /* MailTests.swift in Sources */ = {isa = PBXBuildFile; fileRef = 82F316121C38539F00CEFE92 /* MailTests.swift */; };
		82F316451C38539F00CEFE92 /* MessagesTest.swift in Sources */ = {isa = PBXBuildFile; fileRef = 82F316131C38539F00CEFE92 /* MessagesTest.swift */; };
		82F316461C38539F00CEFE92 /* MessagesTest.swift in Sources */ = {isa = PBXBuildFile; fileRef = 82F316131C38539F00CEFE92 /* MessagesTest.swift */; };
		82F316471C38539F00CEFE92 /* PaypalTests.swift in Sources */ = {isa = PBXBuildFile; fileRef = 82F316141C38539F00CEFE92 /* PaypalTests.swift */; };
		82F316481C38539F00CEFE92 /* PaypalTests.swift in Sources */ = {isa = PBXBuildFile; fileRef = 82F316141C38539F00CEFE92 /* PaypalTests.swift */; };
		82F316491C38539F00CEFE92 /* PinterestTests.swift in Sources */ = {isa = PBXBuildFile; fileRef = 82F316151C38539F00CEFE92 /* PinterestTests.swift */; };
		82F3164A1C38539F00CEFE92 /* PinterestTests.swift in Sources */ = {isa = PBXBuildFile; fileRef = 82F316151C38539F00CEFE92 /* PinterestTests.swift */; };
		82F3164B1C38539F00CEFE92 /* QuoraTests.swift in Sources */ = {isa = PBXBuildFile; fileRef = 82F316161C38539F00CEFE92 /* QuoraTests.swift */; };
		82F3164C1C38539F00CEFE92 /* QuoraTests.swift in Sources */ = {isa = PBXBuildFile; fileRef = 82F316161C38539F00CEFE92 /* QuoraTests.swift */; };
		82F3164D1C38539F00CEFE92 /* SettingsTests.swift in Sources */ = {isa = PBXBuildFile; fileRef = 82F316171C38539F00CEFE92 /* SettingsTests.swift */; };
		82F3164E1C38539F00CEFE92 /* SettingsTests.swift in Sources */ = {isa = PBXBuildFile; fileRef = 82F316171C38539F00CEFE92 /* SettingsTests.swift */; };
		82F3164F1C38539F00CEFE92 /* TelegramTests.swift in Sources */ = {isa = PBXBuildFile; fileRef = 82F316181C38539F00CEFE92 /* TelegramTests.swift */; };
		82F316501C38539F00CEFE92 /* TelegramTests.swift in Sources */ = {isa = PBXBuildFile; fileRef = 82F316181C38539F00CEFE92 /* TelegramTests.swift */; };
		82F316511C38539F00CEFE92 /* TweetbotTests.swift in Sources */ = {isa = PBXBuildFile; fileRef = 82F316191C38539F00CEFE92 /* TweetbotTests.swift */; };
		82F316521C38539F00CEFE92 /* TweetbotTests.swift in Sources */ = {isa = PBXBuildFile; fileRef = 82F316191C38539F00CEFE92 /* TweetbotTests.swift */; };
		82F316531C38539F00CEFE92 /* TwitterTests.swift in Sources */ = {isa = PBXBuildFile; fileRef = 82F3161A1C38539F00CEFE92 /* TwitterTests.swift */; };
		82F316541C38539F00CEFE92 /* TwitterTests.swift in Sources */ = {isa = PBXBuildFile; fileRef = 82F3161A1C38539F00CEFE92 /* TwitterTests.swift */; };
		82F316551C38539F00CEFE92 /* ViberTests.swift in Sources */ = {isa = PBXBuildFile; fileRef = 82F3161B1C38539F00CEFE92 /* ViberTests.swift */; };
		82F316561C38539F00CEFE92 /* ViberTests.swift in Sources */ = {isa = PBXBuildFile; fileRef = 82F3161B1C38539F00CEFE92 /* ViberTests.swift */; };
		82F316571C38539F00CEFE92 /* WhatsAppTests.swift in Sources */ = {isa = PBXBuildFile; fileRef = 82F3161C1C38539F00CEFE92 /* WhatsAppTests.swift */; };
		82F316581C38539F00CEFE92 /* WhatsAppTests.swift in Sources */ = {isa = PBXBuildFile; fileRef = 82F3161C1C38539F00CEFE92 /* WhatsAppTests.swift */; };
		82F316591C38539F00CEFE92 /* YelpTests.swift in Sources */ = {isa = PBXBuildFile; fileRef = 82F3161D1C38539F00CEFE92 /* YelpTests.swift */; };
		82F3165A1C38539F00CEFE92 /* YelpTests.swift in Sources */ = {isa = PBXBuildFile; fileRef = 82F3161D1C38539F00CEFE92 /* YelpTests.swift */; };
		82F3165B1C38539F00CEFE92 /* YoutubeTests.swift in Sources */ = {isa = PBXBuildFile; fileRef = 82F3161E1C38539F00CEFE92 /* YoutubeTests.swift */; };
		82F3165C1C38539F00CEFE92 /* YoutubeTests.swift in Sources */ = {isa = PBXBuildFile; fileRef = 82F3161E1C38539F00CEFE92 /* YoutubeTests.swift */; };
/* End PBXBuildFile section */

/* Begin PBXContainerItemProxy section */
		8254C7A11C2609FC009DB3BD /* PBXContainerItemProxy */ = {
			isa = PBXContainerItemProxy;
			containerPortal = 826ACED51BF1B10A00B5FC5D /* Project object */;
			proxyType = 1;
			remoteGlobalIDString = 8254C7811C2608BA009DB3BD;
			remoteInfo = "Appz-tvos";
		};
		826ACEEA1BF1B10A00B5FC5D /* PBXContainerItemProxy */ = {
			isa = PBXContainerItemProxy;
			containerPortal = 826ACED51BF1B10A00B5FC5D /* Project object */;
			proxyType = 1;
			remoteGlobalIDString = 826ACEDD1BF1B10A00B5FC5D;
			remoteInfo = Appz;
		};
/* End PBXContainerItemProxy section */

/* Begin PBXFileReference section */
		546738821C3996A200AA42F1 /* GoogleChromeTests.swift */ = {isa = PBXFileReference; fileEncoding = 4; lastKnownFileType = sourcecode.swift; path = GoogleChromeTests.swift; sourceTree = "<group>"; };
		546738831C3996A200AA42F1 /* GoogleDriveTests.swift */ = {isa = PBXFileReference; fileEncoding = 4; lastKnownFileType = sourcecode.swift; path = GoogleDriveTests.swift; sourceTree = "<group>"; };
		546738841C3996A200AA42F1 /* LinkedinTests.swift */ = {isa = PBXFileReference; fileEncoding = 4; lastKnownFileType = sourcecode.swift; path = LinkedinTests.swift; sourceTree = "<group>"; };
		546738851C3996A200AA42F1 /* MusicTests.swift */ = {isa = PBXFileReference; fileEncoding = 4; lastKnownFileType = sourcecode.swift; path = MusicTests.swift; sourceTree = "<group>"; };
		546738861C3996A200AA42F1 /* PhoneTests.swift */ = {isa = PBXFileReference; fileEncoding = 4; lastKnownFileType = sourcecode.swift; path = PhoneTests.swift; sourceTree = "<group>"; };
		546738871C3996A200AA42F1 /* RemindersAppTests.swift */ = {isa = PBXFileReference; fileEncoding = 4; lastKnownFileType = sourcecode.swift; path = RemindersAppTests.swift; sourceTree = "<group>"; };
		546738881C3996A200AA42F1 /* RemoteTests.swift */ = {isa = PBXFileReference; fileEncoding = 4; lastKnownFileType = sourcecode.swift; path = RemoteTests.swift; sourceTree = "<group>"; };
		546738891C3996A200AA42F1 /* ScannerProTests.swift */ = {isa = PBXFileReference; fileEncoding = 4; lastKnownFileType = sourcecode.swift; path = ScannerProTests.swift; sourceTree = "<group>"; };
		5467388A1C3996A200AA42F1 /* SkypeTests.swift */ = {isa = PBXFileReference; fileEncoding = 4; lastKnownFileType = sourcecode.swift; path = SkypeTests.swift; sourceTree = "<group>"; };
		54D5CFF31C3995EE0039D512 /* GoogleChrome.swift */ = {isa = PBXFileReference; fileEncoding = 4; lastKnownFileType = sourcecode.swift; path = GoogleChrome.swift; sourceTree = "<group>"; };
		54D5CFF41C3995EE0039D512 /* GoogleDrive.swift */ = {isa = PBXFileReference; fileEncoding = 4; lastKnownFileType = sourcecode.swift; path = GoogleDrive.swift; sourceTree = "<group>"; };
		54D5CFF51C3995EE0039D512 /* Linkedin.swift */ = {isa = PBXFileReference; fileEncoding = 4; lastKnownFileType = sourcecode.swift; path = Linkedin.swift; sourceTree = "<group>"; };
		54D5CFF61C3995EE0039D512 /* Music.swift */ = {isa = PBXFileReference; fileEncoding = 4; lastKnownFileType = sourcecode.swift; path = Music.swift; sourceTree = "<group>"; };
		54D5CFF71C3995EE0039D512 /* Phone.swift */ = {isa = PBXFileReference; fileEncoding = 4; lastKnownFileType = sourcecode.swift; path = Phone.swift; sourceTree = "<group>"; };
		54D5CFF81C3995EE0039D512 /* RemindersApp.swift */ = {isa = PBXFileReference; fileEncoding = 4; lastKnownFileType = sourcecode.swift; path = RemindersApp.swift; sourceTree = "<group>"; };
		54D5CFF91C3995EE0039D512 /* Remote.swift */ = {isa = PBXFileReference; fileEncoding = 4; lastKnownFileType = sourcecode.swift; path = Remote.swift; sourceTree = "<group>"; };
		54D5CFFA1C3995EE0039D512 /* ScannerPro.swift */ = {isa = PBXFileReference; fileEncoding = 4; lastKnownFileType = sourcecode.swift; path = ScannerPro.swift; sourceTree = "<group>"; };
		54D5CFFB1C3995EE0039D512 /* Skype.swift */ = {isa = PBXFileReference; fileEncoding = 4; lastKnownFileType = sourcecode.swift; path = Skype.swift; sourceTree = "<group>"; };
		8246C8D41C1F9B0800569119 /* ApplicationCallerTests.swift */ = {isa = PBXFileReference; fileEncoding = 4; lastKnownFileType = sourcecode.swift; path = ApplicationCallerTests.swift; sourceTree = "<group>"; };
		8254C7781C24B515009DB3BD /* PathTests.swift */ = {isa = PBXFileReference; fileEncoding = 4; lastKnownFileType = sourcecode.swift; path = PathTests.swift; sourceTree = "<group>"; };
		8254C77B1C25746E009DB3BD /* NSExtensionContextApplicationCallerTests.swift */ = {isa = PBXFileReference; fileEncoding = 4; lastKnownFileType = sourcecode.swift; path = NSExtensionContextApplicationCallerTests.swift; sourceTree = "<group>"; };
		8254C77D1C25751A009DB3BD /* SampleApp.swift */ = {isa = PBXFileReference; fileEncoding = 4; lastKnownFileType = sourcecode.swift; path = SampleApp.swift; sourceTree = "<group>"; };
		8254C77F1C257523009DB3BD /* SampleAction.swift */ = {isa = PBXFileReference; fileEncoding = 4; lastKnownFileType = sourcecode.swift; path = SampleAction.swift; sourceTree = "<group>"; };
		8254C7951C2608BA009DB3BD /* Appz.framework */ = {isa = PBXFileReference; explicitFileType = wrapper.framework; includeInIndex = 0; path = Appz.framework; sourceTree = BUILT_PRODUCTS_DIR; };
		8254C79B1C2609FB009DB3BD /* AppzTests-tvos.xctest */ = {isa = PBXFileReference; explicitFileType = wrapper.cfbundle; includeInIndex = 0; path = "AppzTests-tvos.xctest"; sourceTree = BUILT_PRODUCTS_DIR; };
		8254C7C61C260DA8009DB3BD /* Appz.framework */ = {isa = PBXFileReference; explicitFileType = wrapper.framework; includeInIndex = 0; path = Appz.framework; sourceTree = BUILT_PRODUCTS_DIR; };
		826ACEDE1BF1B10A00B5FC5D /* Appz.framework */ = {isa = PBXFileReference; explicitFileType = wrapper.framework; includeInIndex = 0; path = Appz.framework; sourceTree = BUILT_PRODUCTS_DIR; };
		826ACEE31BF1B10A00B5FC5D /* Info.plist */ = {isa = PBXFileReference; lastKnownFileType = text.plist.xml; path = Info.plist; sourceTree = "<group>"; };
		826ACEE81BF1B10A00B5FC5D /* AppzTests-ios.xctest */ = {isa = PBXFileReference; explicitFileType = wrapper.cfbundle; includeInIndex = 0; path = "AppzTests-ios.xctest"; sourceTree = BUILT_PRODUCTS_DIR; };
		826ACEEF1BF1B10A00B5FC5D /* Info.plist */ = {isa = PBXFileReference; lastKnownFileType = text.plist.xml; path = Info.plist; sourceTree = "<group>"; };
		826ACF181BF1BD1F00B5FC5D /* Applications.swift */ = {isa = PBXFileReference; fileEncoding = 4; lastKnownFileType = sourcecode.swift; path = Applications.swift; sourceTree = "<group>"; };
		826ACF1A1BF1BD7F00B5FC5D /* ExternalApplication.swift */ = {isa = PBXFileReference; fileEncoding = 4; lastKnownFileType = sourcecode.swift; path = ExternalApplication.swift; sourceTree = "<group>"; };
		826ACF241BF1C00800B5FC5D /* UIApplication+ApplicationCaller.swift */ = {isa = PBXFileReference; fileEncoding = 4; lastKnownFileType = sourcecode.swift; path = "UIApplication+ApplicationCaller.swift"; sourceTree = "<group>"; };
		826ACF5B1BF1E26B00B5FC5D /* ApplicationCaller.swift */ = {isa = PBXFileReference; fileEncoding = 4; lastKnownFileType = sourcecode.swift; path = ApplicationCaller.swift; sourceTree = "<group>"; };
		826ACF5D1BF1E4BE00B5FC5D /* NSExtensionContext+ApplicationCaller.swift */ = {isa = PBXFileReference; fileEncoding = 4; lastKnownFileType = sourcecode.swift; path = "NSExtensionContext+ApplicationCaller.swift"; sourceTree = "<group>"; };
		827EF6161BF2756C000B1607 /* ApplicationCallerMock.swift */ = {isa = PBXFileReference; fileEncoding = 4; lastKnownFileType = sourcecode.swift; path = ApplicationCallerMock.swift; sourceTree = "<group>"; };
		82D9A0FA1C1E495D00EAC0ED /* Path.swift */ = {isa = PBXFileReference; fileEncoding = 4; lastKnownFileType = sourcecode.swift; path = Path.swift; sourceTree = "<group>"; };
		82F315841C38538100CEFE92 /* AppStore.swift */ = {isa = PBXFileReference; fileEncoding = 4; lastKnownFileType = sourcecode.swift; path = AppStore.swift; sourceTree = "<group>"; };
		82F315851C38538100CEFE92 /* Audible.swift */ = {isa = PBXFileReference; fileEncoding = 4; lastKnownFileType = sourcecode.swift; path = Audible.swift; sourceTree = "<group>"; };
		82F315861C38538100CEFE92 /* DayOne.swift */ = {isa = PBXFileReference; fileEncoding = 4; lastKnownFileType = sourcecode.swift; path = DayOne.swift; sourceTree = "<group>"; };
		82F315871C38538100CEFE92 /* Documents.swift */ = {isa = PBXFileReference; fileEncoding = 4; lastKnownFileType = sourcecode.swift; path = Documents.swift; sourceTree = "<group>"; };
		82F315881C38538100CEFE92 /* Dropbox.swift */ = {isa = PBXFileReference; fileEncoding = 4; lastKnownFileType = sourcecode.swift; path = Dropbox.swift; sourceTree = "<group>"; };
		82F315891C38538100CEFE92 /* Ebay.swift */ = {isa = PBXFileReference; fileEncoding = 4; lastKnownFileType = sourcecode.swift; path = Ebay.swift; sourceTree = "<group>"; };
		82F3158A1C38538100CEFE92 /* Facebook.swift */ = {isa = PBXFileReference; fileEncoding = 4; lastKnownFileType = sourcecode.swift; path = Facebook.swift; sourceTree = "<group>"; };
		82F3158B1C38538100CEFE92 /* FindFriends.swift */ = {isa = PBXFileReference; fileEncoding = 4; lastKnownFileType = sourcecode.swift; path = FindFriends.swift; sourceTree = "<group>"; };
		82F3158C1C38538100CEFE92 /* Flickr.swift */ = {isa = PBXFileReference; fileEncoding = 4; lastKnownFileType = sourcecode.swift; path = Flickr.swift; sourceTree = "<group>"; };
		82F3158D1C38538100CEFE92 /* GoogleEarth.swift */ = {isa = PBXFileReference; fileEncoding = 4; lastKnownFileType = sourcecode.swift; path = GoogleEarth.swift; sourceTree = "<group>"; };
		82F3158E1C38538100CEFE92 /* GoogleMail.swift */ = {isa = PBXFileReference; fileEncoding = 4; lastKnownFileType = sourcecode.swift; path = GoogleMail.swift; sourceTree = "<group>"; };
		82F3158F1C38538100CEFE92 /* GoogleMaps.swift */ = {isa = PBXFileReference; fileEncoding = 4; lastKnownFileType = sourcecode.swift; path = GoogleMaps.swift; sourceTree = "<group>"; };
		82F315901C38538100CEFE92 /* GooglePlus.swift */ = {isa = PBXFileReference; fileEncoding = 4; lastKnownFileType = sourcecode.swift; path = GooglePlus.swift; sourceTree = "<group>"; };
		82F315911C38538100CEFE92 /* Ibooks.swift */ = {isa = PBXFileReference; fileEncoding = 4; lastKnownFileType = sourcecode.swift; path = Ibooks.swift; sourceTree = "<group>"; };
		82F315921C38538100CEFE92 /* IMDb.swift */ = {isa = PBXFileReference; fileEncoding = 4; lastKnownFileType = sourcecode.swift; path = IMDb.swift; sourceTree = "<group>"; };
		82F315931C38538100CEFE92 /* INRIXTraffic.swift */ = {isa = PBXFileReference; fileEncoding = 4; lastKnownFileType = sourcecode.swift; path = INRIXTraffic.swift; sourceTree = "<group>"; };
		82F315941C38538100CEFE92 /* Instagram.swift */ = {isa = PBXFileReference; fileEncoding = 4; lastKnownFileType = sourcecode.swift; path = Instagram.swift; sourceTree = "<group>"; };
		82F315951C38538100CEFE92 /* Itranslate.swift */ = {isa = PBXFileReference; fileEncoding = 4; lastKnownFileType = sourcecode.swift; path = Itranslate.swift; sourceTree = "<group>"; };
		82F315961C38538100CEFE92 /* Mail.swift */ = {isa = PBXFileReference; fileEncoding = 4; lastKnownFileType = sourcecode.swift; path = Mail.swift; sourceTree = "<group>"; };
		82F315971C38538100CEFE92 /* Messages.swift */ = {isa = PBXFileReference; fileEncoding = 4; lastKnownFileType = sourcecode.swift; path = Messages.swift; sourceTree = "<group>"; };
		82F315981C38538100CEFE92 /* Paypal.swift */ = {isa = PBXFileReference; fileEncoding = 4; lastKnownFileType = sourcecode.swift; path = Paypal.swift; sourceTree = "<group>"; };
		82F315991C38538100CEFE92 /* Pinterest.swift */ = {isa = PBXFileReference; fileEncoding = 4; lastKnownFileType = sourcecode.swift; path = Pinterest.swift; sourceTree = "<group>"; };
		82F3159A1C38538100CEFE92 /* Quora.swift */ = {isa = PBXFileReference; fileEncoding = 4; lastKnownFileType = sourcecode.swift; path = Quora.swift; sourceTree = "<group>"; };
		82F3159B1C38538100CEFE92 /* Settings.swift */ = {isa = PBXFileReference; fileEncoding = 4; lastKnownFileType = sourcecode.swift; path = Settings.swift; sourceTree = "<group>"; };
		82F3159C1C38538100CEFE92 /* Telegram.swift */ = {isa = PBXFileReference; fileEncoding = 4; lastKnownFileType = sourcecode.swift; path = Telegram.swift; sourceTree = "<group>"; };
		82F3159D1C38538100CEFE92 /* Tweetbot.swift */ = {isa = PBXFileReference; fileEncoding = 4; lastKnownFileType = sourcecode.swift; path = Tweetbot.swift; sourceTree = "<group>"; };
		82F3159E1C38538100CEFE92 /* Twitter.swift */ = {isa = PBXFileReference; fileEncoding = 4; lastKnownFileType = sourcecode.swift; path = Twitter.swift; sourceTree = "<group>"; };
		82F3159F1C38538100CEFE92 /* Viber.swift */ = {isa = PBXFileReference; fileEncoding = 4; lastKnownFileType = sourcecode.swift; path = Viber.swift; sourceTree = "<group>"; };
		82F315A01C38538100CEFE92 /* WhatsApp.swift */ = {isa = PBXFileReference; fileEncoding = 4; lastKnownFileType = sourcecode.swift; path = WhatsApp.swift; sourceTree = "<group>"; };
		82F315A11C38538100CEFE92 /* Yelp.swift */ = {isa = PBXFileReference; fileEncoding = 4; lastKnownFileType = sourcecode.swift; path = Yelp.swift; sourceTree = "<group>"; };
		82F315A21C38538100CEFE92 /* Youtube.swift */ = {isa = PBXFileReference; fileEncoding = 4; lastKnownFileType = sourcecode.swift; path = Youtube.swift; sourceTree = "<group>"; };
		82F316001C38539F00CEFE92 /* AppStoreTests.swift */ = {isa = PBXFileReference; fileEncoding = 4; lastKnownFileType = sourcecode.swift; path = AppStoreTests.swift; sourceTree = "<group>"; };
		82F316011C38539F00CEFE92 /* AudibleTests.swift */ = {isa = PBXFileReference; fileEncoding = 4; lastKnownFileType = sourcecode.swift; path = AudibleTests.swift; sourceTree = "<group>"; };
		82F316021C38539F00CEFE92 /* DayOneTests.swift */ = {isa = PBXFileReference; fileEncoding = 4; lastKnownFileType = sourcecode.swift; path = DayOneTests.swift; sourceTree = "<group>"; };
		82F316031C38539F00CEFE92 /* DocumentsTests.swift */ = {isa = PBXFileReference; fileEncoding = 4; lastKnownFileType = sourcecode.swift; path = DocumentsTests.swift; sourceTree = "<group>"; };
		82F316041C38539F00CEFE92 /* DropboxTests.swift */ = {isa = PBXFileReference; fileEncoding = 4; lastKnownFileType = sourcecode.swift; path = DropboxTests.swift; sourceTree = "<group>"; };
		82F316051C38539F00CEFE92 /* EbayTests.swift */ = {isa = PBXFileReference; fileEncoding = 4; lastKnownFileType = sourcecode.swift; path = EbayTests.swift; sourceTree = "<group>"; };
		82F316061C38539F00CEFE92 /* FacebookTests.swift */ = {isa = PBXFileReference; fileEncoding = 4; lastKnownFileType = sourcecode.swift; path = FacebookTests.swift; sourceTree = "<group>"; };
		82F316071C38539F00CEFE92 /* FindFriendsTests.swift */ = {isa = PBXFileReference; fileEncoding = 4; lastKnownFileType = sourcecode.swift; path = FindFriendsTests.swift; sourceTree = "<group>"; };
		82F316081C38539F00CEFE92 /* FlickrTests.swift */ = {isa = PBXFileReference; fileEncoding = 4; lastKnownFileType = sourcecode.swift; path = FlickrTests.swift; sourceTree = "<group>"; };
		82F316091C38539F00CEFE92 /* GoogleEarthTests.swift */ = {isa = PBXFileReference; fileEncoding = 4; lastKnownFileType = sourcecode.swift; path = GoogleEarthTests.swift; sourceTree = "<group>"; };
		82F3160A1C38539F00CEFE92 /* GoogleMailTests.swift */ = {isa = PBXFileReference; fileEncoding = 4; lastKnownFileType = sourcecode.swift; path = GoogleMailTests.swift; sourceTree = "<group>"; };
		82F3160B1C38539F00CEFE92 /* GoogleMapsTests.swift */ = {isa = PBXFileReference; fileEncoding = 4; lastKnownFileType = sourcecode.swift; path = GoogleMapsTests.swift; sourceTree = "<group>"; };
		82F3160C1C38539F00CEFE92 /* GooglePlusTests.swift */ = {isa = PBXFileReference; fileEncoding = 4; lastKnownFileType = sourcecode.swift; path = GooglePlusTests.swift; sourceTree = "<group>"; };
		82F3160D1C38539F00CEFE92 /* IbooksTests.swift */ = {isa = PBXFileReference; fileEncoding = 4; lastKnownFileType = sourcecode.swift; path = IbooksTests.swift; sourceTree = "<group>"; };
		82F3160E1C38539F00CEFE92 /* IMDbTests.swift */ = {isa = PBXFileReference; fileEncoding = 4; lastKnownFileType = sourcecode.swift; path = IMDbTests.swift; sourceTree = "<group>"; };
		82F3160F1C38539F00CEFE92 /* INRIXTrafficTests.swift */ = {isa = PBXFileReference; fileEncoding = 4; lastKnownFileType = sourcecode.swift; path = INRIXTrafficTests.swift; sourceTree = "<group>"; };
		82F316101C38539F00CEFE92 /* InstagramTests.swift */ = {isa = PBXFileReference; fileEncoding = 4; lastKnownFileType = sourcecode.swift; path = InstagramTests.swift; sourceTree = "<group>"; };
		82F316111C38539F00CEFE92 /* ItranslateTests.swift */ = {isa = PBXFileReference; fileEncoding = 4; lastKnownFileType = sourcecode.swift; path = ItranslateTests.swift; sourceTree = "<group>"; };
		82F316121C38539F00CEFE92 /* MailTests.swift */ = {isa = PBXFileReference; fileEncoding = 4; lastKnownFileType = sourcecode.swift; path = MailTests.swift; sourceTree = "<group>"; };
		82F316131C38539F00CEFE92 /* MessagesTest.swift */ = {isa = PBXFileReference; fileEncoding = 4; lastKnownFileType = sourcecode.swift; path = MessagesTest.swift; sourceTree = "<group>"; };
		82F316141C38539F00CEFE92 /* PaypalTests.swift */ = {isa = PBXFileReference; fileEncoding = 4; lastKnownFileType = sourcecode.swift; path = PaypalTests.swift; sourceTree = "<group>"; };
		82F316151C38539F00CEFE92 /* PinterestTests.swift */ = {isa = PBXFileReference; fileEncoding = 4; lastKnownFileType = sourcecode.swift; path = PinterestTests.swift; sourceTree = "<group>"; };
		82F316161C38539F00CEFE92 /* QuoraTests.swift */ = {isa = PBXFileReference; fileEncoding = 4; lastKnownFileType = sourcecode.swift; path = QuoraTests.swift; sourceTree = "<group>"; };
		82F316171C38539F00CEFE92 /* SettingsTests.swift */ = {isa = PBXFileReference; fileEncoding = 4; lastKnownFileType = sourcecode.swift; path = SettingsTests.swift; sourceTree = "<group>"; };
		82F316181C38539F00CEFE92 /* TelegramTests.swift */ = {isa = PBXFileReference; fileEncoding = 4; lastKnownFileType = sourcecode.swift; path = TelegramTests.swift; sourceTree = "<group>"; };
		82F316191C38539F00CEFE92 /* TweetbotTests.swift */ = {isa = PBXFileReference; fileEncoding = 4; lastKnownFileType = sourcecode.swift; path = TweetbotTests.swift; sourceTree = "<group>"; };
		82F3161A1C38539F00CEFE92 /* TwitterTests.swift */ = {isa = PBXFileReference; fileEncoding = 4; lastKnownFileType = sourcecode.swift; path = TwitterTests.swift; sourceTree = "<group>"; };
		82F3161B1C38539F00CEFE92 /* ViberTests.swift */ = {isa = PBXFileReference; fileEncoding = 4; lastKnownFileType = sourcecode.swift; path = ViberTests.swift; sourceTree = "<group>"; };
		82F3161C1C38539F00CEFE92 /* WhatsAppTests.swift */ = {isa = PBXFileReference; fileEncoding = 4; lastKnownFileType = sourcecode.swift; path = WhatsAppTests.swift; sourceTree = "<group>"; };
		82F3161D1C38539F00CEFE92 /* YelpTests.swift */ = {isa = PBXFileReference; fileEncoding = 4; lastKnownFileType = sourcecode.swift; path = YelpTests.swift; sourceTree = "<group>"; };
		82F3161E1C38539F00CEFE92 /* YoutubeTests.swift */ = {isa = PBXFileReference; fileEncoding = 4; lastKnownFileType = sourcecode.swift; path = YoutubeTests.swift; sourceTree = "<group>"; };
/* End PBXFileReference section */

/* Begin PBXFrameworksBuildPhase section */
		8254C78F1C2608BA009DB3BD /* Frameworks */ = {
			isa = PBXFrameworksBuildPhase;
			buildActionMask = 2147483647;
			files = (
			);
			runOnlyForDeploymentPostprocessing = 0;
		};
		8254C7981C2609FB009DB3BD /* Frameworks */ = {
			isa = PBXFrameworksBuildPhase;
			buildActionMask = 2147483647;
			files = (
				8254C7A01C2609FC009DB3BD /* Appz.framework in Frameworks */,
			);
			runOnlyForDeploymentPostprocessing = 0;
		};
		8254C7C01C260DA8009DB3BD /* Frameworks */ = {
			isa = PBXFrameworksBuildPhase;
			buildActionMask = 2147483647;
			files = (
			);
			runOnlyForDeploymentPostprocessing = 0;
		};
		826ACEDA1BF1B10A00B5FC5D /* Frameworks */ = {
			isa = PBXFrameworksBuildPhase;
			buildActionMask = 2147483647;
			files = (
			);
			runOnlyForDeploymentPostprocessing = 0;
		};
		826ACEE51BF1B10A00B5FC5D /* Frameworks */ = {
			isa = PBXFrameworksBuildPhase;
			buildActionMask = 2147483647;
			files = (
				826ACEE91BF1B10A00B5FC5D /* Appz.framework in Frameworks */,
			);
			runOnlyForDeploymentPostprocessing = 0;
		};
/* End PBXFrameworksBuildPhase section */

/* Begin PBXGroup section */
		8246C8C81C1F990D00569119 /* AppsTests */ = {
			isa = PBXGroup;
			children = (
				546738821C3996A200AA42F1 /* GoogleChromeTests.swift */,
				546738831C3996A200AA42F1 /* GoogleDriveTests.swift */,
				546738841C3996A200AA42F1 /* LinkedinTests.swift */,
				546738851C3996A200AA42F1 /* MusicTests.swift */,
				546738861C3996A200AA42F1 /* PhoneTests.swift */,
				546738871C3996A200AA42F1 /* RemindersAppTests.swift */,
				546738881C3996A200AA42F1 /* RemoteTests.swift */,
				546738891C3996A200AA42F1 /* ScannerProTests.swift */,
				5467388A1C3996A200AA42F1 /* SkypeTests.swift */,
				82F316001C38539F00CEFE92 /* AppStoreTests.swift */,
				82F316011C38539F00CEFE92 /* AudibleTests.swift */,
				82F316021C38539F00CEFE92 /* DayOneTests.swift */,
				82F316031C38539F00CEFE92 /* DocumentsTests.swift */,
				82F316041C38539F00CEFE92 /* DropboxTests.swift */,
				82F316051C38539F00CEFE92 /* EbayTests.swift */,
				82F316061C38539F00CEFE92 /* FacebookTests.swift */,
				82F316071C38539F00CEFE92 /* FindFriendsTests.swift */,
				82F316081C38539F00CEFE92 /* FlickrTests.swift */,
				82F316091C38539F00CEFE92 /* GoogleEarthTests.swift */,
				82F3160A1C38539F00CEFE92 /* GoogleMailTests.swift */,
				82F3160B1C38539F00CEFE92 /* GoogleMapsTests.swift */,
				82F3160C1C38539F00CEFE92 /* GooglePlusTests.swift */,
				82F3160D1C38539F00CEFE92 /* IbooksTests.swift */,
				82F3160E1C38539F00CEFE92 /* IMDbTests.swift */,
				82F3160F1C38539F00CEFE92 /* INRIXTrafficTests.swift */,
				82F316101C38539F00CEFE92 /* InstagramTests.swift */,
				82F316111C38539F00CEFE92 /* ItranslateTests.swift */,
				82F316121C38539F00CEFE92 /* MailTests.swift */,
				82F316131C38539F00CEFE92 /* MessagesTest.swift */,
				82F316141C38539F00CEFE92 /* PaypalTests.swift */,
				82F316151C38539F00CEFE92 /* PinterestTests.swift */,
				82F316161C38539F00CEFE92 /* QuoraTests.swift */,
				82F316171C38539F00CEFE92 /* SettingsTests.swift */,
				82F316181C38539F00CEFE92 /* TelegramTests.swift */,
				82F316191C38539F00CEFE92 /* TweetbotTests.swift */,
				82F3161A1C38539F00CEFE92 /* TwitterTests.swift */,
				82F3161B1C38539F00CEFE92 /* ViberTests.swift */,
				82F3161C1C38539F00CEFE92 /* WhatsAppTests.swift */,
				82F3161D1C38539F00CEFE92 /* YelpTests.swift */,
				82F3161E1C38539F00CEFE92 /* YoutubeTests.swift */,
			);
			path = AppsTests;
			sourceTree = "<group>";
		};
		8246C8D31C1F9AE800569119 /* EntityTests */ = {
			isa = PBXGroup;
			children = (
				8246C8D41C1F9B0800569119 /* ApplicationCallerTests.swift */,
				8254C7781C24B515009DB3BD /* PathTests.swift */,
			);
			path = EntityTests;
			sourceTree = "<group>";
		};
		8254C77A1C25740A009DB3BD /* Extensions */ = {
			isa = PBXGroup;
			children = (
				8254C77B1C25746E009DB3BD /* NSExtensionContextApplicationCallerTests.swift */,
			);
			path = Extensions;
			sourceTree = "<group>";
		};
		826ACED41BF1B10A00B5FC5D = {
			isa = PBXGroup;
			children = (
				826ACEE01BF1B10A00B5FC5D /* Appz */,
				826ACEEC1BF1B10A00B5FC5D /* AppzTests */,
				826ACEDF1BF1B10A00B5FC5D /* Products */,
			);
			sourceTree = "<group>";
		};
		826ACEDF1BF1B10A00B5FC5D /* Products */ = {
			isa = PBXGroup;
			children = (
				826ACEDE1BF1B10A00B5FC5D /* Appz.framework */,
				826ACEE81BF1B10A00B5FC5D /* AppzTests-ios.xctest */,
				8254C7951C2608BA009DB3BD /* Appz.framework */,
				8254C79B1C2609FB009DB3BD /* AppzTests-tvos.xctest */,
				8254C7C61C260DA8009DB3BD /* Appz.framework */,
			);
			name = Products;
			sourceTree = "<group>";
		};
		826ACEE01BF1B10A00B5FC5D /* Appz */ = {
			isa = PBXGroup;
			children = (
				826ACF1C1BF1BE9C00B5FC5D /* Apps */,
				826ACF171BF1BCF500B5FC5D /* Entity */,
				826ACF231BF1BFE100B5FC5D /* Extensions */,
				826ACEE31BF1B10A00B5FC5D /* Info.plist */,
			);
			path = Appz;
			sourceTree = "<group>";
		};
		826ACEEC1BF1B10A00B5FC5D /* AppzTests */ = {
			isa = PBXGroup;
			children = (
				8246C8C81C1F990D00569119 /* AppsTests */,
				8246C8D31C1F9AE800569119 /* EntityTests */,
				8254C77A1C25740A009DB3BD /* Extensions */,
				827EF6151BF2751C000B1607 /* Mocks */,
				826ACEEF1BF1B10A00B5FC5D /* Info.plist */,
			);
			path = AppzTests;
			sourceTree = "<group>";
		};
		826ACF171BF1BCF500B5FC5D /* Entity */ = {
			isa = PBXGroup;
			children = (
				826ACF5B1BF1E26B00B5FC5D /* ApplicationCaller.swift */,
				826ACF181BF1BD1F00B5FC5D /* Applications.swift */,
				826ACF1A1BF1BD7F00B5FC5D /* ExternalApplication.swift */,
				82D9A0FA1C1E495D00EAC0ED /* Path.swift */,
			);
			path = Entity;
			sourceTree = "<group>";
		};
		826ACF1C1BF1BE9C00B5FC5D /* Apps */ = {
			isa = PBXGroup;
			children = (
				54D5CFF31C3995EE0039D512 /* GoogleChrome.swift */,
				54D5CFF41C3995EE0039D512 /* GoogleDrive.swift */,
				54D5CFF51C3995EE0039D512 /* Linkedin.swift */,
				54D5CFF61C3995EE0039D512 /* Music.swift */,
				54D5CFF71C3995EE0039D512 /* Phone.swift */,
				54D5CFF81C3995EE0039D512 /* RemindersApp.swift */,
				54D5CFF91C3995EE0039D512 /* Remote.swift */,
				54D5CFFA1C3995EE0039D512 /* ScannerPro.swift */,
				54D5CFFB1C3995EE0039D512 /* Skype.swift */,
				82F315841C38538100CEFE92 /* AppStore.swift */,
				82F315851C38538100CEFE92 /* Audible.swift */,
				82F315861C38538100CEFE92 /* DayOne.swift */,
				82F315871C38538100CEFE92 /* Documents.swift */,
				82F315881C38538100CEFE92 /* Dropbox.swift */,
				82F315891C38538100CEFE92 /* Ebay.swift */,
				82F3158A1C38538100CEFE92 /* Facebook.swift */,
				82F3158B1C38538100CEFE92 /* FindFriends.swift */,
				82F3158C1C38538100CEFE92 /* Flickr.swift */,
				82F3158D1C38538100CEFE92 /* GoogleEarth.swift */,
				82F3158E1C38538100CEFE92 /* GoogleMail.swift */,
				82F3158F1C38538100CEFE92 /* GoogleMaps.swift */,
				82F315901C38538100CEFE92 /* GooglePlus.swift */,
				82F315911C38538100CEFE92 /* Ibooks.swift */,
				82F315921C38538100CEFE92 /* IMDb.swift */,
				82F315931C38538100CEFE92 /* INRIXTraffic.swift */,
				82F315941C38538100CEFE92 /* Instagram.swift */,
				82F315951C38538100CEFE92 /* Itranslate.swift */,
				82F315961C38538100CEFE92 /* Mail.swift */,
				82F315971C38538100CEFE92 /* Messages.swift */,
				82F315981C38538100CEFE92 /* Paypal.swift */,
				82F315991C38538100CEFE92 /* Pinterest.swift */,
				82F3159A1C38538100CEFE92 /* Quora.swift */,
				82F3159B1C38538100CEFE92 /* Settings.swift */,
				82F3159C1C38538100CEFE92 /* Telegram.swift */,
				82F3159D1C38538100CEFE92 /* Tweetbot.swift */,
				82F3159E1C38538100CEFE92 /* Twitter.swift */,
				82F3159F1C38538100CEFE92 /* Viber.swift */,
				82F315A01C38538100CEFE92 /* WhatsApp.swift */,
				82F315A11C38538100CEFE92 /* Yelp.swift */,
				82F315A21C38538100CEFE92 /* Youtube.swift */,
			);
			path = Apps;
			sourceTree = "<group>";
		};
		826ACF231BF1BFE100B5FC5D /* Extensions */ = {
			isa = PBXGroup;
			children = (
				826ACF5D1BF1E4BE00B5FC5D /* NSExtensionContext+ApplicationCaller.swift */,
				826ACF241BF1C00800B5FC5D /* UIApplication+ApplicationCaller.swift */,
			);
			path = Extensions;
			sourceTree = "<group>";
		};
		827EF6151BF2751C000B1607 /* Mocks */ = {
			isa = PBXGroup;
			children = (
				827EF6161BF2756C000B1607 /* ApplicationCallerMock.swift */,
				8254C77D1C25751A009DB3BD /* SampleApp.swift */,
				8254C77F1C257523009DB3BD /* SampleAction.swift */,
			);
			path = Mocks;
			sourceTree = "<group>";
		};
/* End PBXGroup section */

/* Begin PBXHeadersBuildPhase section */
		8254C7901C2608BA009DB3BD /* Headers */ = {
			isa = PBXHeadersBuildPhase;
			buildActionMask = 2147483647;
			files = (
			);
			runOnlyForDeploymentPostprocessing = 0;
		};
		8254C7C11C260DA8009DB3BD /* Headers */ = {
			isa = PBXHeadersBuildPhase;
			buildActionMask = 2147483647;
			files = (
			);
			runOnlyForDeploymentPostprocessing = 0;
		};
		826ACEDB1BF1B10A00B5FC5D /* Headers */ = {
			isa = PBXHeadersBuildPhase;
			buildActionMask = 2147483647;
			files = (
			);
			runOnlyForDeploymentPostprocessing = 0;
		};
/* End PBXHeadersBuildPhase section */

/* Begin PBXNativeTarget section */
		8254C7811C2608BA009DB3BD /* Appz-tvos */ = {
			isa = PBXNativeTarget;
			buildConfigurationList = 8254C7921C2608BA009DB3BD /* Build configuration list for PBXNativeTarget "Appz-tvos" */;
			buildPhases = (
				8254C7821C2608BA009DB3BD /* Sources */,
				8254C78F1C2608BA009DB3BD /* Frameworks */,
				8254C7901C2608BA009DB3BD /* Headers */,
				8254C7911C2608BA009DB3BD /* Resources */,
			);
			buildRules = (
			);
			dependencies = (
			);
			name = "Appz-tvos";
			productName = Appz;
			productReference = 8254C7951C2608BA009DB3BD /* Appz.framework */;
			productType = "com.apple.product-type.framework";
		};
		8254C79A1C2609FB009DB3BD /* AppzTests-tvos */ = {
			isa = PBXNativeTarget;
			buildConfigurationList = 8254C7A31C2609FC009DB3BD /* Build configuration list for PBXNativeTarget "AppzTests-tvos" */;
			buildPhases = (
				8254C7971C2609FB009DB3BD /* Sources */,
				8254C7981C2609FB009DB3BD /* Frameworks */,
				8254C7991C2609FB009DB3BD /* Resources */,
			);
			buildRules = (
			);
			dependencies = (
				8254C7A21C2609FC009DB3BD /* PBXTargetDependency */,
			);
			name = "AppzTests-tvos";
			productName = "AppzTests-tvos";
			productReference = 8254C79B1C2609FB009DB3BD /* AppzTests-tvos.xctest */;
			productType = "com.apple.product-type.bundle.unit-test";
		};
		8254C7B21C260DA8009DB3BD /* Appz-watchos */ = {
			isa = PBXNativeTarget;
			buildConfigurationList = 8254C7C31C260DA8009DB3BD /* Build configuration list for PBXNativeTarget "Appz-watchos" */;
			buildPhases = (
				8254C7B31C260DA8009DB3BD /* Sources */,
				8254C7C01C260DA8009DB3BD /* Frameworks */,
				8254C7C11C260DA8009DB3BD /* Headers */,
				8254C7C21C260DA8009DB3BD /* Resources */,
			);
			buildRules = (
			);
			dependencies = (
			);
			name = "Appz-watchos";
			productName = Appz;
			productReference = 8254C7C61C260DA8009DB3BD /* Appz.framework */;
			productType = "com.apple.product-type.framework";
		};
		826ACEDD1BF1B10A00B5FC5D /* Appz-ios */ = {
			isa = PBXNativeTarget;
			buildConfigurationList = 826ACEF21BF1B10A00B5FC5D /* Build configuration list for PBXNativeTarget "Appz-ios" */;
			buildPhases = (
				826ACED91BF1B10A00B5FC5D /* Sources */,
				826ACEDA1BF1B10A00B5FC5D /* Frameworks */,
				826ACEDB1BF1B10A00B5FC5D /* Headers */,
				826ACEDC1BF1B10A00B5FC5D /* Resources */,
			);
			buildRules = (
			);
			dependencies = (
			);
			name = "Appz-ios";
			productName = Appz;
			productReference = 826ACEDE1BF1B10A00B5FC5D /* Appz.framework */;
			productType = "com.apple.product-type.framework";
		};
		826ACEE71BF1B10A00B5FC5D /* AppzTests-ios */ = {
			isa = PBXNativeTarget;
			buildConfigurationList = 826ACEF51BF1B10A00B5FC5D /* Build configuration list for PBXNativeTarget "AppzTests-ios" */;
			buildPhases = (
				826ACEE41BF1B10A00B5FC5D /* Sources */,
				826ACEE51BF1B10A00B5FC5D /* Frameworks */,
				826ACEE61BF1B10A00B5FC5D /* Resources */,
			);
			buildRules = (
			);
			dependencies = (
				826ACEEB1BF1B10A00B5FC5D /* PBXTargetDependency */,
			);
			name = "AppzTests-ios";
			productName = AppzTests;
			productReference = 826ACEE81BF1B10A00B5FC5D /* AppzTests-ios.xctest */;
			productType = "com.apple.product-type.bundle.unit-test";
		};
/* End PBXNativeTarget section */

/* Begin PBXProject section */
		826ACED51BF1B10A00B5FC5D /* Project object */ = {
			isa = PBXProject;
			attributes = {
				LastSwiftUpdateCheck = 0720;
				LastUpgradeCheck = 0710;
				ORGANIZATIONNAME = kitz;
				TargetAttributes = {
					8254C79A1C2609FB009DB3BD = {
						CreatedOnToolsVersion = 7.2;
					};
					826ACEDD1BF1B10A00B5FC5D = {
						CreatedOnToolsVersion = 7.1;
					};
					826ACEE71BF1B10A00B5FC5D = {
						CreatedOnToolsVersion = 7.1;
					};
				};
			};
			buildConfigurationList = 826ACED81BF1B10A00B5FC5D /* Build configuration list for PBXProject "Appz" */;
			compatibilityVersion = "Xcode 3.2";
			developmentRegion = English;
			hasScannedForEncodings = 0;
			knownRegions = (
				en,
			);
			mainGroup = 826ACED41BF1B10A00B5FC5D;
			productRefGroup = 826ACEDF1BF1B10A00B5FC5D /* Products */;
			projectDirPath = "";
			projectRoot = "";
			targets = (
				826ACEDD1BF1B10A00B5FC5D /* Appz-ios */,
				8254C7811C2608BA009DB3BD /* Appz-tvos */,
				8254C7B21C260DA8009DB3BD /* Appz-watchos */,
				826ACEE71BF1B10A00B5FC5D /* AppzTests-ios */,
				8254C79A1C2609FB009DB3BD /* AppzTests-tvos */,
			);
		};
/* End PBXProject section */

/* Begin PBXResourcesBuildPhase section */
		8254C7911C2608BA009DB3BD /* Resources */ = {
			isa = PBXResourcesBuildPhase;
			buildActionMask = 2147483647;
			files = (
			);
			runOnlyForDeploymentPostprocessing = 0;
		};
		8254C7991C2609FB009DB3BD /* Resources */ = {
			isa = PBXResourcesBuildPhase;
			buildActionMask = 2147483647;
			files = (
			);
			runOnlyForDeploymentPostprocessing = 0;
		};
		8254C7C21C260DA8009DB3BD /* Resources */ = {
			isa = PBXResourcesBuildPhase;
			buildActionMask = 2147483647;
			files = (
			);
			runOnlyForDeploymentPostprocessing = 0;
		};
		826ACEDC1BF1B10A00B5FC5D /* Resources */ = {
			isa = PBXResourcesBuildPhase;
			buildActionMask = 2147483647;
			files = (
			);
			runOnlyForDeploymentPostprocessing = 0;
		};
		826ACEE61BF1B10A00B5FC5D /* Resources */ = {
			isa = PBXResourcesBuildPhase;
			buildActionMask = 2147483647;
			files = (
			);
			runOnlyForDeploymentPostprocessing = 0;
		};
/* End PBXResourcesBuildPhase section */

/* Begin PBXSourcesBuildPhase section */
		8254C7821C2608BA009DB3BD /* Sources */ = {
			isa = PBXSourcesBuildPhase;
			buildActionMask = 2147483647;
			files = (
				54D5D0151C3995EE0039D512 /* Skype.swift in Sources */,
				82F315E31C38538100CEFE92 /* Pinterest.swift in Sources */,
				8254C7841C2608BA009DB3BD /* Path.swift in Sources */,
				8254C7861C2608BA009DB3BD /* ExternalApplication.swift in Sources */,
				82F315B31C38538100CEFE92 /* Ebay.swift in Sources */,
				54D5D0091C3995EE0039D512 /* Phone.swift in Sources */,
				82F315AD1C38538100CEFE92 /* Documents.swift in Sources */,
				82F315B01C38538100CEFE92 /* Dropbox.swift in Sources */,
				82F315CE1C38538100CEFE92 /* IMDb.swift in Sources */,
				54D5D0031C3995EE0039D512 /* Linkedin.swift in Sources */,
				54D5D0061C3995EE0039D512 /* Music.swift in Sources */,
				82F315B61C38538100CEFE92 /* Facebook.swift in Sources */,
				54D5D00F1C3995EE0039D512 /* Remote.swift in Sources */,
				82F315CB1C38538100CEFE92 /* Ibooks.swift in Sources */,
				82F315C81C38538100CEFE92 /* GooglePlus.swift in Sources */,
				82F315C21C38538100CEFE92 /* GoogleMail.swift in Sources */,
				82F315E01C38538100CEFE92 /* Paypal.swift in Sources */,
				82F315D11C38538100CEFE92 /* INRIXTraffic.swift in Sources */,
				82F315B91C38538100CEFE92 /* FindFriends.swift in Sources */,
				82F315BC1C38538100CEFE92 /* Flickr.swift in Sources */,
				82F315FB1C38538100CEFE92 /* Yelp.swift in Sources */,
				8254C7C91C26124D009DB3BD /* NSExtensionContext+ApplicationCaller.swift in Sources */,
				8254C78C1C2608BA009DB3BD /* Applications.swift in Sources */,
				82F315FE1C38538100CEFE92 /* Youtube.swift in Sources */,
				8254C78D1C2608BA009DB3BD /* ApplicationCaller.swift in Sources */,
				82F315F51C38538100CEFE92 /* Viber.swift in Sources */,
				82F315A41C38538100CEFE92 /* AppStore.swift in Sources */,
				82F315A71C38538100CEFE92 /* Audible.swift in Sources */,
				82F315D71C38538100CEFE92 /* Itranslate.swift in Sources */,
				82F315E61C38538100CEFE92 /* Quora.swift in Sources */,
				82F315F81C38538100CEFE92 /* WhatsApp.swift in Sources */,
				82F315DD1C38538100CEFE92 /* Messages.swift in Sources */,
				82F315EF1C38538100CEFE92 /* Tweetbot.swift in Sources */,
				82F315BF1C38538100CEFE92 /* GoogleEarth.swift in Sources */,
				82F315E91C38538100CEFE92 /* Settings.swift in Sources */,
				54D5CFFD1C3995EE0039D512 /* GoogleChrome.swift in Sources */,
				82F315DA1C38538100CEFE92 /* Mail.swift in Sources */,
				54D5D0121C3995EE0039D512 /* ScannerPro.swift in Sources */,
				82F315EC1C38538100CEFE92 /* Telegram.swift in Sources */,
				54D5D00C1C3995EE0039D512 /* RemindersApp.swift in Sources */,
				82F315D41C38538100CEFE92 /* Instagram.swift in Sources */,
				82F315C51C38538100CEFE92 /* GoogleMaps.swift in Sources */,
				8254C78E1C2608BA009DB3BD /* UIApplication+ApplicationCaller.swift in Sources */,
				54D5D0001C3995EE0039D512 /* GoogleDrive.swift in Sources */,
				82F315F21C38538100CEFE92 /* Twitter.swift in Sources */,
				82F315AA1C38538100CEFE92 /* DayOne.swift in Sources */,
			);
			runOnlyForDeploymentPostprocessing = 0;
		};
		8254C7971C2609FB009DB3BD /* Sources */ = {
			isa = PBXSourcesBuildPhase;
			buildActionMask = 2147483647;
			files = (
				82F316301C38539F00CEFE92 /* FlickrTests.swift in Sources */,
				82F3164C1C38539F00CEFE92 /* QuoraTests.swift in Sources */,
				82F316361C38539F00CEFE92 /* GoogleMapsTests.swift in Sources */,
				82F316441C38539F00CEFE92 /* MailTests.swift in Sources */,
				82F316481C38539F00CEFE92 /* PaypalTests.swift in Sources */,
				82F3163A1C38539F00CEFE92 /* IbooksTests.swift in Sources */,
				82F316561C38539F00CEFE92 /* ViberTests.swift in Sources */,
				82F316261C38539F00CEFE92 /* DocumentsTests.swift in Sources */,
				82F316241C38539F00CEFE92 /* DayOneTests.swift in Sources */,
				82F3162A1C38539F00CEFE92 /* EbayTests.swift in Sources */,
				82F3164A1C38539F00CEFE92 /* PinterestTests.swift in Sources */,
				8254C7AC1C260A3B009DB3BD /* ApplicationCallerTests.swift in Sources */,
				82F316321C38539F00CEFE92 /* GoogleEarthTests.swift in Sources */,
				82F316281C38539F00CEFE92 /* DropboxTests.swift in Sources */,
				82F316381C38539F00CEFE92 /* GooglePlusTests.swift in Sources */,
				82F316461C38539F00CEFE92 /* MessagesTest.swift in Sources */,
				82F316521C38539F00CEFE92 /* TweetbotTests.swift in Sources */,
				546738961C3996A200AA42F1 /* RemindersAppTests.swift in Sources */,
				8254C7AD1C260A3B009DB3BD /* PathTests.swift in Sources */,
				82F316201C38539F00CEFE92 /* AppStoreTests.swift in Sources */,
				8254C7AE1C260A3B009DB3BD /* NSExtensionContextApplicationCallerTests.swift in Sources */,
				5467388C1C3996A200AA42F1 /* GoogleChromeTests.swift in Sources */,
				82F3164E1C38539F00CEFE92 /* SettingsTests.swift in Sources */,
				8254C7AF1C260A3B009DB3BD /* ApplicationCallerMock.swift in Sources */,
				82F316401C38539F00CEFE92 /* InstagramTests.swift in Sources */,
				82F3163C1C38539F00CEFE92 /* IMDbTests.swift in Sources */,
				5467388E1C3996A200AA42F1 /* GoogleDriveTests.swift in Sources */,
				546738981C3996A200AA42F1 /* RemoteTests.swift in Sources */,
				82F3162C1C38539F00CEFE92 /* FacebookTests.swift in Sources */,
				82F3163E1C38539F00CEFE92 /* INRIXTrafficTests.swift in Sources */,
				5467389A1C3996A200AA42F1 /* ScannerProTests.swift in Sources */,
				82F316541C38539F00CEFE92 /* TwitterTests.swift in Sources */,
				82F316421C38539F00CEFE92 /* ItranslateTests.swift in Sources */,
				82F3165C1C38539F00CEFE92 /* YoutubeTests.swift in Sources */,
				82F316581C38539F00CEFE92 /* WhatsAppTests.swift in Sources */,
				8254C7B01C260A3B009DB3BD /* SampleApp.swift in Sources */,
				82F316501C38539F00CEFE92 /* TelegramTests.swift in Sources */,
				546738921C3996A200AA42F1 /* MusicTests.swift in Sources */,
				82F3165A1C38539F00CEFE92 /* YelpTests.swift in Sources */,
				82F316341C38539F00CEFE92 /* GoogleMailTests.swift in Sources */,
				82F316221C38539F00CEFE92 /* AudibleTests.swift in Sources */,
				82F3162E1C38539F00CEFE92 /* FindFriendsTests.swift in Sources */,
				5467389C1C3996A200AA42F1 /* SkypeTests.swift in Sources */,
				8254C7B11C260A3B009DB3BD /* SampleAction.swift in Sources */,
				546738941C3996A200AA42F1 /* PhoneTests.swift in Sources */,
				546738901C3996A200AA42F1 /* LinkedinTests.swift in Sources */,
			);
			runOnlyForDeploymentPostprocessing = 0;
		};
		8254C7B31C260DA8009DB3BD /* Sources */ = {
			isa = PBXSourcesBuildPhase;
			buildActionMask = 2147483647;
			files = (
				54D5D00A1C3995EE0039D512 /* Phone.swift in Sources */,
				82F315DB1C38538100CEFE92 /* Mail.swift in Sources */,
				54D5D0041C3995EE0039D512 /* Linkedin.swift in Sources */,
				82F315CC1C38538100CEFE92 /* Ibooks.swift in Sources */,
				82F315E71C38538100CEFE92 /* Quora.swift in Sources */,
				8254C7B51C260DA8009DB3BD /* Path.swift in Sources */,
				8254C7B71C260DA8009DB3BD /* ExternalApplication.swift in Sources */,
				82F315FC1C38538100CEFE92 /* Yelp.swift in Sources */,
				82F315B11C38538100CEFE92 /* Dropbox.swift in Sources */,
				8254C7B91C260DA8009DB3BD /* NSExtensionContext+ApplicationCaller.swift in Sources */,
				54D5CFFE1C3995EE0039D512 /* GoogleChrome.swift in Sources */,
				82F315FF1C38538100CEFE92 /* Youtube.swift in Sources */,
				82F315E11C38538100CEFE92 /* Paypal.swift in Sources */,
				82F315F91C38538100CEFE92 /* WhatsApp.swift in Sources */,
				82F315CF1C38538100CEFE92 /* IMDb.swift in Sources */,
				54D5D0071C3995EE0039D512 /* Music.swift in Sources */,
				54D5D0131C3995EE0039D512 /* ScannerPro.swift in Sources */,
				82F315DE1C38538100CEFE92 /* Messages.swift in Sources */,
				54D5D0101C3995EE0039D512 /* Remote.swift in Sources */,
				82F315C91C38538100CEFE92 /* GooglePlus.swift in Sources */,
				82F315D21C38538100CEFE92 /* INRIXTraffic.swift in Sources */,
				82F315E41C38538100CEFE92 /* Pinterest.swift in Sources */,
				82F315F01C38538100CEFE92 /* Tweetbot.swift in Sources */,
				82F315ED1C38538100CEFE92 /* Telegram.swift in Sources */,
				82F315A51C38538100CEFE92 /* AppStore.swift in Sources */,
				82F315A81C38538100CEFE92 /* Audible.swift in Sources */,
				8254C7BD1C260DA8009DB3BD /* Applications.swift in Sources */,
				54D5D0011C3995EE0039D512 /* GoogleDrive.swift in Sources */,
				82F315B71C38538100CEFE92 /* Facebook.swift in Sources */,
				82F315D51C38538100CEFE92 /* Instagram.swift in Sources */,
				82F315BA1C38538100CEFE92 /* FindFriends.swift in Sources */,
				8254C7BE1C260DA8009DB3BD /* ApplicationCaller.swift in Sources */,
				82F315D81C38538100CEFE92 /* Itranslate.swift in Sources */,
				82F315C01C38538100CEFE92 /* GoogleEarth.swift in Sources */,
				54D5D0161C3995EE0039D512 /* Skype.swift in Sources */,
				54D5D00D1C3995EE0039D512 /* RemindersApp.swift in Sources */,
				82F315C31C38538100CEFE92 /* GoogleMail.swift in Sources */,
				82F315B41C38538100CEFE92 /* Ebay.swift in Sources */,
				82F315F31C38538100CEFE92 /* Twitter.swift in Sources */,
				82F315F61C38538100CEFE92 /* Viber.swift in Sources */,
				82F315AE1C38538100CEFE92 /* Documents.swift in Sources */,
				82F315BD1C38538100CEFE92 /* Flickr.swift in Sources */,
				82F315AB1C38538100CEFE92 /* DayOne.swift in Sources */,
				82F315C61C38538100CEFE92 /* GoogleMaps.swift in Sources */,
			);
			runOnlyForDeploymentPostprocessing = 0;
		};
		826ACED91BF1B10A00B5FC5D /* Sources */ = {
			isa = PBXSourcesBuildPhase;
			buildActionMask = 2147483647;
			files = (
				54D5D0141C3995EE0039D512 /* Skype.swift in Sources */,
				82F315E21C38538100CEFE92 /* Pinterest.swift in Sources */,
				82D9A0FB1C1E495D00EAC0ED /* Path.swift in Sources */,
				826ACF1B1BF1BD7F00B5FC5D /* ExternalApplication.swift in Sources */,
				82F315B21C38538100CEFE92 /* Ebay.swift in Sources */,
				54D5D0081C3995EE0039D512 /* Phone.swift in Sources */,
				82F315AC1C38538100CEFE92 /* Documents.swift in Sources */,
				82F315AF1C38538100CEFE92 /* Dropbox.swift in Sources */,
				82F315CD1C38538100CEFE92 /* IMDb.swift in Sources */,
				54D5D0021C3995EE0039D512 /* Linkedin.swift in Sources */,
				54D5D0051C3995EE0039D512 /* Music.swift in Sources */,
				82F315B51C38538100CEFE92 /* Facebook.swift in Sources */,
				54D5D00E1C3995EE0039D512 /* Remote.swift in Sources */,
				82F315CA1C38538100CEFE92 /* Ibooks.swift in Sources */,
				82F315C71C38538100CEFE92 /* GooglePlus.swift in Sources */,
				82F315C11C38538100CEFE92 /* GoogleMail.swift in Sources */,
				82F315DF1C38538100CEFE92 /* Paypal.swift in Sources */,
				82F315D01C38538100CEFE92 /* INRIXTraffic.swift in Sources */,
				82F315B81C38538100CEFE92 /* FindFriends.swift in Sources */,
				82F315BB1C38538100CEFE92 /* Flickr.swift in Sources */,
				82F315FA1C38538100CEFE92 /* Yelp.swift in Sources */,
				8254C7C81C26124D009DB3BD /* NSExtensionContext+ApplicationCaller.swift in Sources */,
				826ACF191BF1BD1F00B5FC5D /* Applications.swift in Sources */,
				82F315FD1C38538100CEFE92 /* Youtube.swift in Sources */,
				826ACF5C1BF1E26B00B5FC5D /* ApplicationCaller.swift in Sources */,
				82F315F41C38538100CEFE92 /* Viber.swift in Sources */,
				82F315A31C38538100CEFE92 /* AppStore.swift in Sources */,
				82F315A61C38538100CEFE92 /* Audible.swift in Sources */,
				82F315D61C38538100CEFE92 /* Itranslate.swift in Sources */,
				82F315E51C38538100CEFE92 /* Quora.swift in Sources */,
				82F315F71C38538100CEFE92 /* WhatsApp.swift in Sources */,
				82F315DC1C38538100CEFE92 /* Messages.swift in Sources */,
				82F315EE1C38538100CEFE92 /* Tweetbot.swift in Sources */,
				82F315BE1C38538100CEFE92 /* GoogleEarth.swift in Sources */,
				82F315E81C38538100CEFE92 /* Settings.swift in Sources */,
				54D5CFFC1C3995EE0039D512 /* GoogleChrome.swift in Sources */,
				82F315D91C38538100CEFE92 /* Mail.swift in Sources */,
				54D5D0111C3995EE0039D512 /* ScannerPro.swift in Sources */,
				82F315EB1C38538100CEFE92 /* Telegram.swift in Sources */,
				54D5D00B1C3995EE0039D512 /* RemindersApp.swift in Sources */,
				82F315D31C38538100CEFE92 /* Instagram.swift in Sources */,
				82F315C41C38538100CEFE92 /* GoogleMaps.swift in Sources */,
				826ACF251BF1C00800B5FC5D /* UIApplication+ApplicationCaller.swift in Sources */,
				54D5CFFF1C3995EE0039D512 /* GoogleDrive.swift in Sources */,
				82F315F11C38538100CEFE92 /* Twitter.swift in Sources */,
				82F315A91C38538100CEFE92 /* DayOne.swift in Sources */,
			);
			runOnlyForDeploymentPostprocessing = 0;
		};
		826ACEE41BF1B10A00B5FC5D /* Sources */ = {
			isa = PBXSourcesBuildPhase;
			buildActionMask = 2147483647;
			files = (
				82F3162F1C38539F00CEFE92 /* FlickrTests.swift in Sources */,
				82F3164B1C38539F00CEFE92 /* QuoraTests.swift in Sources */,
				82F316351C38539F00CEFE92 /* GoogleMapsTests.swift in Sources */,
				82F316431C38539F00CEFE92 /* MailTests.swift in Sources */,
				82F316471C38539F00CEFE92 /* PaypalTests.swift in Sources */,
				82F316391C38539F00CEFE92 /* IbooksTests.swift in Sources */,
				82F316551C38539F00CEFE92 /* ViberTests.swift in Sources */,
				82F316251C38539F00CEFE92 /* DocumentsTests.swift in Sources */,
				82F316231C38539F00CEFE92 /* DayOneTests.swift in Sources */,
				82F316291C38539F00CEFE92 /* EbayTests.swift in Sources */,
				82F316491C38539F00CEFE92 /* PinterestTests.swift in Sources */,
				8254C7791C24B515009DB3BD /* PathTests.swift in Sources */,
				82F316311C38539F00CEFE92 /* GoogleEarthTests.swift in Sources */,
				82F316271C38539F00CEFE92 /* DropboxTests.swift in Sources */,
				82F316371C38539F00CEFE92 /* GooglePlusTests.swift in Sources */,
				82F316451C38539F00CEFE92 /* MessagesTest.swift in Sources */,
				82F316511C38539F00CEFE92 /* TweetbotTests.swift in Sources */,
				546738951C3996A200AA42F1 /* RemindersAppTests.swift in Sources */,
				8254C7801C257523009DB3BD /* SampleAction.swift in Sources */,
				82F3161F1C38539F00CEFE92 /* AppStoreTests.swift in Sources */,
				8254C77C1C25746E009DB3BD /* NSExtensionContextApplicationCallerTests.swift in Sources */,
				5467388B1C3996A200AA42F1 /* GoogleChromeTests.swift in Sources */,
				82F3164D1C38539F00CEFE92 /* SettingsTests.swift in Sources */,
				8254C77E1C25751A009DB3BD /* SampleApp.swift in Sources */,
				82F3163F1C38539F00CEFE92 /* InstagramTests.swift in Sources */,
				82F3163B1C38539F00CEFE92 /* IMDbTests.swift in Sources */,
				5467388D1C3996A200AA42F1 /* GoogleDriveTests.swift in Sources */,
				546738971C3996A200AA42F1 /* RemoteTests.swift in Sources */,
				82F3162B1C38539F00CEFE92 /* FacebookTests.swift in Sources */,
				82F3163D1C38539F00CEFE92 /* INRIXTrafficTests.swift in Sources */,
				546738991C3996A200AA42F1 /* ScannerProTests.swift in Sources */,
				82F316531C38539F00CEFE92 /* TwitterTests.swift in Sources */,
				82F316411C38539F00CEFE92 /* ItranslateTests.swift in Sources */,
				82F3165B1C38539F00CEFE92 /* YoutubeTests.swift in Sources */,
				82F316571C38539F00CEFE92 /* WhatsAppTests.swift in Sources */,
				827EF6171BF2756C000B1607 /* ApplicationCallerMock.swift in Sources */,
				82F3164F1C38539F00CEFE92 /* TelegramTests.swift in Sources */,
				546738911C3996A200AA42F1 /* MusicTests.swift in Sources */,
				82F316591C38539F00CEFE92 /* YelpTests.swift in Sources */,
				82F316331C38539F00CEFE92 /* GoogleMailTests.swift in Sources */,
				82F316211C38539F00CEFE92 /* AudibleTests.swift in Sources */,
				82F3162D1C38539F00CEFE92 /* FindFriendsTests.swift in Sources */,
				5467389B1C3996A200AA42F1 /* SkypeTests.swift in Sources */,
				8246C8D51C1F9B0800569119 /* ApplicationCallerTests.swift in Sources */,
				546738931C3996A200AA42F1 /* PhoneTests.swift in Sources */,
				5467388F1C3996A200AA42F1 /* LinkedinTests.swift in Sources */,
			);
			runOnlyForDeploymentPostprocessing = 0;
		};
/* End PBXSourcesBuildPhase section */

/* Begin PBXTargetDependency section */
		8254C7A21C2609FC009DB3BD /* PBXTargetDependency */ = {
			isa = PBXTargetDependency;
			target = 8254C7811C2608BA009DB3BD /* Appz-tvos */;
			targetProxy = 8254C7A11C2609FC009DB3BD /* PBXContainerItemProxy */;
		};
		826ACEEB1BF1B10A00B5FC5D /* PBXTargetDependency */ = {
			isa = PBXTargetDependency;
			target = 826ACEDD1BF1B10A00B5FC5D /* Appz-ios */;
			targetProxy = 826ACEEA1BF1B10A00B5FC5D /* PBXContainerItemProxy */;
		};
/* End PBXTargetDependency section */

/* Begin XCBuildConfiguration section */
		8254C7931C2608BA009DB3BD /* Debug */ = {
			isa = XCBuildConfiguration;
			buildSettings = {
				CLANG_ENABLE_MODULES = YES;
				CODE_SIGN_IDENTITY = "iPhone Developer";
				"CODE_SIGN_IDENTITY[sdk=iphoneos*]" = "iPhone Developer";
				DEFINES_MODULE = YES;
				DYLIB_COMPATIBILITY_VERSION = 1;
				DYLIB_CURRENT_VERSION = 1;
				DYLIB_INSTALL_NAME_BASE = "@rpath";
				INFOPLIST_FILE = Appz/Info.plist;
				INSTALL_PATH = "$(LOCAL_LIBRARY_DIR)/Frameworks";
				LD_RUNPATH_SEARCH_PATHS = "$(inherited) @executable_path/Frameworks @loader_path/Frameworks";
				PRODUCT_BUNDLE_IDENTIFIER = io.kitz.Appz;
				PROVISIONING_PROFILE = "";
				SDKROOT = appletvos;
				SKIP_INSTALL = YES;
				SWIFT_OPTIMIZATION_LEVEL = "-Onone";
				TVOS_DEPLOYMENT_TARGET = 9.0;
			};
			name = Debug;
		};
		8254C7941C2608BA009DB3BD /* Release */ = {
			isa = XCBuildConfiguration;
			buildSettings = {
				CLANG_ENABLE_MODULES = YES;
				CODE_SIGN_IDENTITY = "iPhone Developer";
				"CODE_SIGN_IDENTITY[sdk=iphoneos*]" = "iPhone Developer";
				DEFINES_MODULE = YES;
				DYLIB_COMPATIBILITY_VERSION = 1;
				DYLIB_CURRENT_VERSION = 1;
				DYLIB_INSTALL_NAME_BASE = "@rpath";
				INFOPLIST_FILE = Appz/Info.plist;
				INSTALL_PATH = "$(LOCAL_LIBRARY_DIR)/Frameworks";
				LD_RUNPATH_SEARCH_PATHS = "$(inherited) @executable_path/Frameworks @loader_path/Frameworks";
				PRODUCT_BUNDLE_IDENTIFIER = io.kitz.Appz;
				PROVISIONING_PROFILE = "";
				SDKROOT = appletvos;
				SKIP_INSTALL = YES;
				TVOS_DEPLOYMENT_TARGET = 9.0;
			};
			name = Release;
		};
		8254C7A41C2609FC009DB3BD /* Debug */ = {
			isa = XCBuildConfiguration;
			buildSettings = {
				INFOPLIST_FILE = AppzTests/Info.plist;
				LD_RUNPATH_SEARCH_PATHS = "$(inherited) @executable_path/Frameworks @loader_path/Frameworks";
				PRODUCT_BUNDLE_IDENTIFIER = "io.kitz.AppzTests-tvos";
				PRODUCT_MODULE_NAME = AppzTests;
				PRODUCT_NAME = "$(TARGET_NAME)";
				SDKROOT = appletvos;
				TVOS_DEPLOYMENT_TARGET = 9.1;
			};
			name = Debug;
		};
		8254C7A51C2609FC009DB3BD /* Release */ = {
			isa = XCBuildConfiguration;
			buildSettings = {
				INFOPLIST_FILE = AppzTests/Info.plist;
				LD_RUNPATH_SEARCH_PATHS = "$(inherited) @executable_path/Frameworks @loader_path/Frameworks";
				PRODUCT_BUNDLE_IDENTIFIER = "io.kitz.AppzTests-tvos";
				PRODUCT_MODULE_NAME = AppzTests;
				PRODUCT_NAME = "$(TARGET_NAME)";
				SDKROOT = appletvos;
				TVOS_DEPLOYMENT_TARGET = 9.1;
			};
			name = Release;
		};
		8254C7C41C260DA8009DB3BD /* Debug */ = {
			isa = XCBuildConfiguration;
			buildSettings = {
				APPLICATION_EXTENSION_API_ONLY = YES;
				CLANG_ENABLE_MODULES = YES;
				CODE_SIGN_IDENTITY = "iPhone Developer";
				"CODE_SIGN_IDENTITY[sdk=iphoneos*]" = "iPhone Developer";
				DEFINES_MODULE = YES;
				DYLIB_COMPATIBILITY_VERSION = 1;
				DYLIB_CURRENT_VERSION = 1;
				DYLIB_INSTALL_NAME_BASE = "@rpath";
				INFOPLIST_FILE = Appz/Info.plist;
				INSTALL_PATH = "$(LOCAL_LIBRARY_DIR)/Frameworks";
				LD_RUNPATH_SEARCH_PATHS = "$(inherited) @executable_path/Frameworks @loader_path/Frameworks";
				PRODUCT_BUNDLE_IDENTIFIER = io.kitz.Appz;
				PROVISIONING_PROFILE = "";
				SDKROOT = watchos;
				SKIP_INSTALL = YES;
				SWIFT_OPTIMIZATION_LEVEL = "-Onone";
				TVOS_DEPLOYMENT_TARGET = 9.0;
			};
			name = Debug;
		};
		8254C7C51C260DA8009DB3BD /* Release */ = {
			isa = XCBuildConfiguration;
			buildSettings = {
				APPLICATION_EXTENSION_API_ONLY = YES;
				CLANG_ENABLE_MODULES = YES;
				CODE_SIGN_IDENTITY = "iPhone Developer";
				"CODE_SIGN_IDENTITY[sdk=iphoneos*]" = "iPhone Developer";
				DEFINES_MODULE = YES;
				DYLIB_COMPATIBILITY_VERSION = 1;
				DYLIB_CURRENT_VERSION = 1;
				DYLIB_INSTALL_NAME_BASE = "@rpath";
				INFOPLIST_FILE = Appz/Info.plist;
				INSTALL_PATH = "$(LOCAL_LIBRARY_DIR)/Frameworks";
				LD_RUNPATH_SEARCH_PATHS = "$(inherited) @executable_path/Frameworks @loader_path/Frameworks";
				PRODUCT_BUNDLE_IDENTIFIER = io.kitz.Appz;
				PROVISIONING_PROFILE = "";
				SDKROOT = watchos;
				SKIP_INSTALL = YES;
				TVOS_DEPLOYMENT_TARGET = 9.0;
			};
			name = Release;
		};
		826ACEF01BF1B10A00B5FC5D /* Debug */ = {
			isa = XCBuildConfiguration;
			buildSettings = {
				ALWAYS_SEARCH_USER_PATHS = NO;
				CLANG_CXX_LANGUAGE_STANDARD = "gnu++0x";
				CLANG_CXX_LIBRARY = "libc++";
				CLANG_ENABLE_MODULES = YES;
				CLANG_ENABLE_OBJC_ARC = YES;
				CLANG_WARN_BOOL_CONVERSION = YES;
				CLANG_WARN_CONSTANT_CONVERSION = YES;
				CLANG_WARN_DIRECT_OBJC_ISA_USAGE = YES_ERROR;
				CLANG_WARN_EMPTY_BODY = YES;
				CLANG_WARN_ENUM_CONVERSION = YES;
				CLANG_WARN_INT_CONVERSION = YES;
				CLANG_WARN_OBJC_ROOT_CLASS = YES_ERROR;
				CLANG_WARN_UNREACHABLE_CODE = YES;
				CLANG_WARN__DUPLICATE_METHOD_MATCH = YES;
				"CODE_SIGN_IDENTITY[sdk=iphoneos*]" = "iPhone Developer";
				COPY_PHASE_STRIP = NO;
				CURRENT_PROJECT_VERSION = 1;
				DEBUG_INFORMATION_FORMAT = dwarf;
				ENABLE_STRICT_OBJC_MSGSEND = YES;
				ENABLE_TESTABILITY = YES;
				GCC_C_LANGUAGE_STANDARD = gnu99;
				GCC_DYNAMIC_NO_PIC = NO;
				GCC_NO_COMMON_BLOCKS = YES;
				GCC_OPTIMIZATION_LEVEL = 0;
				GCC_PREPROCESSOR_DEFINITIONS = (
					"DEBUG=1",
					"$(inherited)",
				);
				GCC_WARN_64_TO_32_BIT_CONVERSION = YES;
				GCC_WARN_ABOUT_RETURN_TYPE = YES_ERROR;
				GCC_WARN_UNDECLARED_SELECTOR = YES;
				GCC_WARN_UNINITIALIZED_AUTOS = YES_AGGRESSIVE;
				GCC_WARN_UNUSED_FUNCTION = YES;
				GCC_WARN_UNUSED_VARIABLE = YES;
				IPHONEOS_DEPLOYMENT_TARGET = 8.0;
				MTL_ENABLE_DEBUG_INFO = YES;
				ONLY_ACTIVE_ARCH = YES;
				PRODUCT_MODULE_NAME = Appz;
				PRODUCT_NAME = Appz;
				SDKROOT = iphoneos;
				SWIFT_OPTIMIZATION_LEVEL = "-Onone";
				TARGETED_DEVICE_FAMILY = "1,2";
				VERSIONING_SYSTEM = "apple-generic";
				VERSION_INFO_PREFIX = "";
			};
			name = Debug;
		};
		826ACEF11BF1B10A00B5FC5D /* Release */ = {
			isa = XCBuildConfiguration;
			buildSettings = {
				ALWAYS_SEARCH_USER_PATHS = NO;
				CLANG_CXX_LANGUAGE_STANDARD = "gnu++0x";
				CLANG_CXX_LIBRARY = "libc++";
				CLANG_ENABLE_MODULES = YES;
				CLANG_ENABLE_OBJC_ARC = YES;
				CLANG_WARN_BOOL_CONVERSION = YES;
				CLANG_WARN_CONSTANT_CONVERSION = YES;
				CLANG_WARN_DIRECT_OBJC_ISA_USAGE = YES_ERROR;
				CLANG_WARN_EMPTY_BODY = YES;
				CLANG_WARN_ENUM_CONVERSION = YES;
				CLANG_WARN_INT_CONVERSION = YES;
				CLANG_WARN_OBJC_ROOT_CLASS = YES_ERROR;
				CLANG_WARN_UNREACHABLE_CODE = YES;
				CLANG_WARN__DUPLICATE_METHOD_MATCH = YES;
				"CODE_SIGN_IDENTITY[sdk=iphoneos*]" = "iPhone Developer";
				COPY_PHASE_STRIP = NO;
				CURRENT_PROJECT_VERSION = 1;
				DEBUG_INFORMATION_FORMAT = "dwarf-with-dsym";
				ENABLE_NS_ASSERTIONS = NO;
				ENABLE_STRICT_OBJC_MSGSEND = YES;
				GCC_C_LANGUAGE_STANDARD = gnu99;
				GCC_NO_COMMON_BLOCKS = YES;
				GCC_WARN_64_TO_32_BIT_CONVERSION = YES;
				GCC_WARN_ABOUT_RETURN_TYPE = YES_ERROR;
				GCC_WARN_UNDECLARED_SELECTOR = YES;
				GCC_WARN_UNINITIALIZED_AUTOS = YES_AGGRESSIVE;
				GCC_WARN_UNUSED_FUNCTION = YES;
				GCC_WARN_UNUSED_VARIABLE = YES;
				IPHONEOS_DEPLOYMENT_TARGET = 8.0;
				MTL_ENABLE_DEBUG_INFO = NO;
				PRODUCT_MODULE_NAME = Appz;
				PRODUCT_NAME = Appz;
				SDKROOT = iphoneos;
				TARGETED_DEVICE_FAMILY = "1,2";
				VALIDATE_PRODUCT = YES;
				VERSIONING_SYSTEM = "apple-generic";
				VERSION_INFO_PREFIX = "";
			};
			name = Release;
		};
		826ACEF31BF1B10A00B5FC5D /* Debug */ = {
			isa = XCBuildConfiguration;
			buildSettings = {
				CLANG_ENABLE_MODULES = YES;
				CODE_SIGN_IDENTITY = "iPhone Developer";
				"CODE_SIGN_IDENTITY[sdk=iphoneos*]" = "iPhone Developer";
				DEFINES_MODULE = YES;
				DYLIB_COMPATIBILITY_VERSION = 1;
				DYLIB_CURRENT_VERSION = 1;
				DYLIB_INSTALL_NAME_BASE = "@rpath";
				INFOPLIST_FILE = Appz/Info.plist;
				INSTALL_PATH = "$(LOCAL_LIBRARY_DIR)/Frameworks";
				LD_RUNPATH_SEARCH_PATHS = "$(inherited) @executable_path/Frameworks @loader_path/Frameworks";
				PRODUCT_BUNDLE_IDENTIFIER = io.kitz.Appz;
				PROVISIONING_PROFILE = "";
				SKIP_INSTALL = YES;
				SWIFT_OPTIMIZATION_LEVEL = "-Onone";
			};
			name = Debug;
		};
		826ACEF41BF1B10A00B5FC5D /* Release */ = {
			isa = XCBuildConfiguration;
			buildSettings = {
				CLANG_ENABLE_MODULES = YES;
				CODE_SIGN_IDENTITY = "iPhone Developer";
				"CODE_SIGN_IDENTITY[sdk=iphoneos*]" = "iPhone Developer";
				DEFINES_MODULE = YES;
				DYLIB_COMPATIBILITY_VERSION = 1;
				DYLIB_CURRENT_VERSION = 1;
				DYLIB_INSTALL_NAME_BASE = "@rpath";
				INFOPLIST_FILE = Appz/Info.plist;
				INSTALL_PATH = "$(LOCAL_LIBRARY_DIR)/Frameworks";
				LD_RUNPATH_SEARCH_PATHS = "$(inherited) @executable_path/Frameworks @loader_path/Frameworks";
				PRODUCT_BUNDLE_IDENTIFIER = io.kitz.Appz;
				PROVISIONING_PROFILE = "";
				SKIP_INSTALL = YES;
				SWIFT_OPTIMIZATION_LEVEL = "-Onone";
			};
			name = Release;
		};
		826ACEF61BF1B10A00B5FC5D /* Debug */ = {
			isa = XCBuildConfiguration;
			buildSettings = {
				CLANG_ENABLE_MODULES = YES;
				INFOPLIST_FILE = AppzTests/Info.plist;
				LD_RUNPATH_SEARCH_PATHS = "$(inherited) @executable_path/Frameworks @loader_path/Frameworks";
				PRODUCT_BUNDLE_IDENTIFIER = io.kitz.AppzTests;
				PRODUCT_MODULE_NAME = AppzTests;
				PRODUCT_NAME = "$(TARGET_NAME)";
				SWIFT_OPTIMIZATION_LEVEL = "-Onone";
			};
			name = Debug;
		};
		826ACEF71BF1B10A00B5FC5D /* Release */ = {
			isa = XCBuildConfiguration;
			buildSettings = {
				CLANG_ENABLE_MODULES = YES;
				INFOPLIST_FILE = AppzTests/Info.plist;
				LD_RUNPATH_SEARCH_PATHS = "$(inherited) @executable_path/Frameworks @loader_path/Frameworks";
				PRODUCT_BUNDLE_IDENTIFIER = io.kitz.AppzTests;
				PRODUCT_MODULE_NAME = AppzTests;
				PRODUCT_NAME = "$(TARGET_NAME)";
			};
			name = Release;
		};
/* End XCBuildConfiguration section */

/* Begin XCConfigurationList section */
		8254C7921C2608BA009DB3BD /* Build configuration list for PBXNativeTarget "Appz-tvos" */ = {
			isa = XCConfigurationList;
			buildConfigurations = (
				8254C7931C2608BA009DB3BD /* Debug */,
				8254C7941C2608BA009DB3BD /* Release */,
			);
			defaultConfigurationIsVisible = 0;
			defaultConfigurationName = Release;
		};
		8254C7A31C2609FC009DB3BD /* Build configuration list for PBXNativeTarget "AppzTests-tvos" */ = {
			isa = XCConfigurationList;
			buildConfigurations = (
				8254C7A41C2609FC009DB3BD /* Debug */,
				8254C7A51C2609FC009DB3BD /* Release */,
			);
			defaultConfigurationIsVisible = 0;
			defaultConfigurationName = Release;
		};
		8254C7C31C260DA8009DB3BD /* Build configuration list for PBXNativeTarget "Appz-watchos" */ = {
			isa = XCConfigurationList;
			buildConfigurations = (
				8254C7C41C260DA8009DB3BD /* Debug */,
				8254C7C51C260DA8009DB3BD /* Release */,
			);
			defaultConfigurationIsVisible = 0;
			defaultConfigurationName = Release;
		};
		826ACED81BF1B10A00B5FC5D /* Build configuration list for PBXProject "Appz" */ = {
			isa = XCConfigurationList;
			buildConfigurations = (
				826ACEF01BF1B10A00B5FC5D /* Debug */,
				826ACEF11BF1B10A00B5FC5D /* Release */,
			);
			defaultConfigurationIsVisible = 0;
			defaultConfigurationName = Release;
		};
		826ACEF21BF1B10A00B5FC5D /* Build configuration list for PBXNativeTarget "Appz-ios" */ = {
			isa = XCConfigurationList;
			buildConfigurations = (
				826ACEF31BF1B10A00B5FC5D /* Debug */,
				826ACEF41BF1B10A00B5FC5D /* Release */,
			);
			defaultConfigurationIsVisible = 0;
			defaultConfigurationName = Release;
		};
		826ACEF51BF1B10A00B5FC5D /* Build configuration list for PBXNativeTarget "AppzTests-ios" */ = {
			isa = XCConfigurationList;
			buildConfigurations = (
				826ACEF61BF1B10A00B5FC5D /* Debug */,
				826ACEF71BF1B10A00B5FC5D /* Release */,
			);
			defaultConfigurationIsVisible = 0;
			defaultConfigurationName = Release;
		};
/* End XCConfigurationList section */
	};
	rootObject = 826ACED51BF1B10A00B5FC5D /* Project object */;
}
