// !$*UTF8*$!
{
	archiveVersion = 1;
	classes = {
	};
	objectVersion = 46;
	objects = {

/* Begin PBXBuildFile section */
		301B4A4B1C122E8F00038DF1 /* Messages.swift in Sources */ = {isa = PBXBuildFile; fileRef = 301B4A4A1C122E8F00038DF1 /* Messages.swift */; };
		301B4A4D1C12308900038DF1 /* Mail.swift in Sources */ = {isa = PBXBuildFile; fileRef = 301B4A4C1C12308900038DF1 /* Mail.swift */; };
		3098B0DB1C13EDCA00AFAD36 /* Instagram.swift in Sources */ = {isa = PBXBuildFile; fileRef = 3098B0DA1C13EDCA00AFAD36 /* Instagram.swift */; };
		8246C8CE1C1F9AD600569119 /* AppStoreTests.swift in Sources */ = {isa = PBXBuildFile; fileRef = 8246C8C91C1F9AD600569119 /* AppStoreTests.swift */; };
		8246C8CF1C1F9AD600569119 /* MailTests.swift in Sources */ = {isa = PBXBuildFile; fileRef = 8246C8CA1C1F9AD600569119 /* MailTests.swift */; };
		8246C8D01C1F9AD600569119 /* MessagesTest.swift in Sources */ = {isa = PBXBuildFile; fileRef = 8246C8CB1C1F9AD600569119 /* MessagesTest.swift */; };
		8246C8D11C1F9AD600569119 /* SettingsTests.swift in Sources */ = {isa = PBXBuildFile; fileRef = 8246C8CC1C1F9AD600569119 /* SettingsTests.swift */; };
		8246C8D21C1F9AD600569119 /* TwitterTests.swift in Sources */ = {isa = PBXBuildFile; fileRef = 8246C8CD1C1F9AD600569119 /* TwitterTests.swift */; };
		8246C8D51C1F9B0800569119 /* ApplicationCallerTests.swift in Sources */ = {isa = PBXBuildFile; fileRef = 8246C8D41C1F9B0800569119 /* ApplicationCallerTests.swift */; };
		8254C7791C24B515009DB3BD /* PathTests.swift in Sources */ = {isa = PBXBuildFile; fileRef = 8254C7781C24B515009DB3BD /* PathTests.swift */; };
		8254C77C1C25746E009DB3BD /* NSExtensionContextApplicationCallerTests.swift in Sources */ = {isa = PBXBuildFile; fileRef = 8254C77B1C25746E009DB3BD /* NSExtensionContextApplicationCallerTests.swift */; };
		8254C77E1C25751A009DB3BD /* SampleApp.swift in Sources */ = {isa = PBXBuildFile; fileRef = 8254C77D1C25751A009DB3BD /* SampleApp.swift */; };
		8254C7801C257523009DB3BD /* SampleAction.swift in Sources */ = {isa = PBXBuildFile; fileRef = 8254C77F1C257523009DB3BD /* SampleAction.swift */; };
		826ACEE91BF1B10A00B5FC5D /* Appz.framework in Frameworks */ = {isa = PBXBuildFile; fileRef = 826ACEDE1BF1B10A00B5FC5D /* Appz.framework */; };
		826ACF191BF1BD1F00B5FC5D /* Applications.swift in Sources */ = {isa = PBXBuildFile; fileRef = 826ACF181BF1BD1F00B5FC5D /* Applications.swift */; };
		826ACF1B1BF1BD7F00B5FC5D /* ExternalApplication.swift in Sources */ = {isa = PBXBuildFile; fileRef = 826ACF1A1BF1BD7F00B5FC5D /* ExternalApplication.swift */; };
		826ACF1E1BF1BEB000B5FC5D /* Twitter.swift in Sources */ = {isa = PBXBuildFile; fileRef = 826ACF1D1BF1BEB000B5FC5D /* Twitter.swift */; };
		826ACF201BF1BEB800B5FC5D /* Settings.swift in Sources */ = {isa = PBXBuildFile; fileRef = 826ACF1F1BF1BEB800B5FC5D /* Settings.swift */; };
		826ACF221BF1BEBF00B5FC5D /* AppStore.swift in Sources */ = {isa = PBXBuildFile; fileRef = 826ACF211BF1BEBF00B5FC5D /* AppStore.swift */; };
		826ACF251BF1C00800B5FC5D /* UIApplication+ApplicationCaller.swift in Sources */ = {isa = PBXBuildFile; fileRef = 826ACF241BF1C00800B5FC5D /* UIApplication+ApplicationCaller.swift */; };
		826ACF5C1BF1E26B00B5FC5D /* ApplicationCaller.swift in Sources */ = {isa = PBXBuildFile; fileRef = 826ACF5B1BF1E26B00B5FC5D /* ApplicationCaller.swift */; };
		826ACF5E1BF1E4BE00B5FC5D /* NSExtensionContext+ApplicationCaller.swift in Sources */ = {isa = PBXBuildFile; fileRef = 826ACF5D1BF1E4BE00B5FC5D /* NSExtensionContext+ApplicationCaller.swift */; };
		827EF6171BF2756C000B1607 /* ApplicationCallerMock.swift in Sources */ = {isa = PBXBuildFile; fileRef = 827EF6161BF2756C000B1607 /* ApplicationCallerMock.swift */; };
		82CAC1D31C2497390019D238 /* InstagramTests.swift in Sources */ = {isa = PBXBuildFile; fileRef = 82CAC1D21C2497390019D238 /* InstagramTests.swift */; };
		82D9A0FB1C1E495D00EAC0ED /* Path.swift in Sources */ = {isa = PBXBuildFile; fileRef = 82D9A0FA1C1E495D00EAC0ED /* Path.swift */; };
/* End PBXBuildFile section */

/* Begin PBXContainerItemProxy section */
		826ACEEA1BF1B10A00B5FC5D /* PBXContainerItemProxy */ = {
			isa = PBXContainerItemProxy;
			containerPortal = 826ACED51BF1B10A00B5FC5D /* Project object */;
			proxyType = 1;
			remoteGlobalIDString = 826ACEDD1BF1B10A00B5FC5D;
			remoteInfo = Appz;
		};
/* End PBXContainerItemProxy section */

/* Begin PBXFileReference section */
		301B4A4A1C122E8F00038DF1 /* Messages.swift */ = {isa = PBXFileReference; fileEncoding = 4; lastKnownFileType = sourcecode.swift; path = Messages.swift; sourceTree = "<group>"; };
		301B4A4C1C12308900038DF1 /* Mail.swift */ = {isa = PBXFileReference; fileEncoding = 4; lastKnownFileType = sourcecode.swift; path = Mail.swift; sourceTree = "<group>"; };
		3098B0DA1C13EDCA00AFAD36 /* Instagram.swift */ = {isa = PBXFileReference; fileEncoding = 4; lastKnownFileType = sourcecode.swift; path = Instagram.swift; sourceTree = "<group>"; };
		8246C8C91C1F9AD600569119 /* AppStoreTests.swift */ = {isa = PBXFileReference; fileEncoding = 4; lastKnownFileType = sourcecode.swift; path = AppStoreTests.swift; sourceTree = "<group>"; };
		8246C8CA1C1F9AD600569119 /* MailTests.swift */ = {isa = PBXFileReference; fileEncoding = 4; lastKnownFileType = sourcecode.swift; path = MailTests.swift; sourceTree = "<group>"; };
		8246C8CB1C1F9AD600569119 /* MessagesTest.swift */ = {isa = PBXFileReference; fileEncoding = 4; lastKnownFileType = sourcecode.swift; path = MessagesTest.swift; sourceTree = "<group>"; };
		8246C8CC1C1F9AD600569119 /* SettingsTests.swift */ = {isa = PBXFileReference; fileEncoding = 4; lastKnownFileType = sourcecode.swift; path = SettingsTests.swift; sourceTree = "<group>"; };
		8246C8CD1C1F9AD600569119 /* TwitterTests.swift */ = {isa = PBXFileReference; fileEncoding = 4; lastKnownFileType = sourcecode.swift; path = TwitterTests.swift; sourceTree = "<group>"; };
		8246C8D41C1F9B0800569119 /* ApplicationCallerTests.swift */ = {isa = PBXFileReference; fileEncoding = 4; lastKnownFileType = sourcecode.swift; path = ApplicationCallerTests.swift; sourceTree = "<group>"; };
		8254C7781C24B515009DB3BD /* PathTests.swift */ = {isa = PBXFileReference; fileEncoding = 4; lastKnownFileType = sourcecode.swift; path = PathTests.swift; sourceTree = "<group>"; };
		8254C77B1C25746E009DB3BD /* NSExtensionContextApplicationCallerTests.swift */ = {isa = PBXFileReference; fileEncoding = 4; lastKnownFileType = sourcecode.swift; path = NSExtensionContextApplicationCallerTests.swift; sourceTree = "<group>"; };
		8254C77D1C25751A009DB3BD /* SampleApp.swift */ = {isa = PBXFileReference; fileEncoding = 4; lastKnownFileType = sourcecode.swift; path = SampleApp.swift; sourceTree = "<group>"; };
		8254C77F1C257523009DB3BD /* SampleAction.swift */ = {isa = PBXFileReference; fileEncoding = 4; lastKnownFileType = sourcecode.swift; path = SampleAction.swift; sourceTree = "<group>"; };
		826ACEDE1BF1B10A00B5FC5D /* Appz.framework */ = {isa = PBXFileReference; explicitFileType = wrapper.framework; includeInIndex = 0; path = Appz.framework; sourceTree = BUILT_PRODUCTS_DIR; };
		826ACEE31BF1B10A00B5FC5D /* Info.plist */ = {isa = PBXFileReference; lastKnownFileType = text.plist.xml; path = Info.plist; sourceTree = "<group>"; };
		826ACEE81BF1B10A00B5FC5D /* AppzTests.xctest */ = {isa = PBXFileReference; explicitFileType = wrapper.cfbundle; includeInIndex = 0; path = AppzTests.xctest; sourceTree = BUILT_PRODUCTS_DIR; };
		826ACEEF1BF1B10A00B5FC5D /* Info.plist */ = {isa = PBXFileReference; lastKnownFileType = text.plist.xml; path = Info.plist; sourceTree = "<group>"; };
		826ACF181BF1BD1F00B5FC5D /* Applications.swift */ = {isa = PBXFileReference; fileEncoding = 4; lastKnownFileType = sourcecode.swift; path = Applications.swift; sourceTree = "<group>"; };
		826ACF1A1BF1BD7F00B5FC5D /* ExternalApplication.swift */ = {isa = PBXFileReference; fileEncoding = 4; lastKnownFileType = sourcecode.swift; path = ExternalApplication.swift; sourceTree = "<group>"; };
		826ACF1D1BF1BEB000B5FC5D /* Twitter.swift */ = {isa = PBXFileReference; fileEncoding = 4; lastKnownFileType = sourcecode.swift; path = Twitter.swift; sourceTree = "<group>"; };
		826ACF1F1BF1BEB800B5FC5D /* Settings.swift */ = {isa = PBXFileReference; fileEncoding = 4; lastKnownFileType = sourcecode.swift; path = Settings.swift; sourceTree = "<group>"; };
		826ACF211BF1BEBF00B5FC5D /* AppStore.swift */ = {isa = PBXFileReference; fileEncoding = 4; lastKnownFileType = sourcecode.swift; path = AppStore.swift; sourceTree = "<group>"; };
		826ACF241BF1C00800B5FC5D /* UIApplication+ApplicationCaller.swift */ = {isa = PBXFileReference; fileEncoding = 4; lastKnownFileType = sourcecode.swift; path = "UIApplication+ApplicationCaller.swift"; sourceTree = "<group>"; };
		826ACF5B1BF1E26B00B5FC5D /* ApplicationCaller.swift */ = {isa = PBXFileReference; fileEncoding = 4; lastKnownFileType = sourcecode.swift; path = ApplicationCaller.swift; sourceTree = "<group>"; };
		826ACF5D1BF1E4BE00B5FC5D /* NSExtensionContext+ApplicationCaller.swift */ = {isa = PBXFileReference; fileEncoding = 4; lastKnownFileType = sourcecode.swift; path = "NSExtensionContext+ApplicationCaller.swift"; sourceTree = "<group>"; };
		827EF6161BF2756C000B1607 /* ApplicationCallerMock.swift */ = {isa = PBXFileReference; fileEncoding = 4; lastKnownFileType = sourcecode.swift; path = ApplicationCallerMock.swift; sourceTree = "<group>"; };
		82CAC1D21C2497390019D238 /* InstagramTests.swift */ = {isa = PBXFileReference; fileEncoding = 4; lastKnownFileType = sourcecode.swift; path = InstagramTests.swift; sourceTree = "<group>"; };
		82D9A0FA1C1E495D00EAC0ED /* Path.swift */ = {isa = PBXFileReference; fileEncoding = 4; lastKnownFileType = sourcecode.swift; path = Path.swift; sourceTree = "<group>"; };
/* End PBXFileReference section */

/* Begin PBXFrameworksBuildPhase section */
		826ACEDA1BF1B10A00B5FC5D /* Frameworks */ = {
			isa = PBXFrameworksBuildPhase;
			buildActionMask = 2147483647;
			files = (
			);
			runOnlyForDeploymentPostprocessing = 0;
		};
		826ACEE51BF1B10A00B5FC5D /* Frameworks */ = {
			isa = PBXFrameworksBuildPhase;
			buildActionMask = 2147483647;
			files = (
				826ACEE91BF1B10A00B5FC5D /* Appz.framework in Frameworks */,
			);
			runOnlyForDeploymentPostprocessing = 0;
		};
/* End PBXFrameworksBuildPhase section */

/* Begin PBXGroup section */
		8246C8C81C1F990D00569119 /* AppsTests */ = {
			isa = PBXGroup;
			children = (
				8246C8C91C1F9AD600569119 /* AppStoreTests.swift */,
				82CAC1D21C2497390019D238 /* InstagramTests.swift */,
				8246C8CA1C1F9AD600569119 /* MailTests.swift */,
				8246C8CB1C1F9AD600569119 /* MessagesTest.swift */,
				8246C8CC1C1F9AD600569119 /* SettingsTests.swift */,
				8246C8CD1C1F9AD600569119 /* TwitterTests.swift */,
			);
			path = AppsTests;
			sourceTree = "<group>";
		};
		8246C8D31C1F9AE800569119 /* EntityTests */ = {
			isa = PBXGroup;
			children = (
				8246C8D41C1F9B0800569119 /* ApplicationCallerTests.swift */,
				8254C7781C24B515009DB3BD /* PathTests.swift */,
			);
			path = EntityTests;
			sourceTree = "<group>";
		};
		8254C77A1C25740A009DB3BD /* Extensions */ = {
			isa = PBXGroup;
			children = (
				8254C77B1C25746E009DB3BD /* NSExtensionContextApplicationCallerTests.swift */,
			);
			path = Extensions;
			sourceTree = "<group>";
		};
		826ACED41BF1B10A00B5FC5D = {
			isa = PBXGroup;
			children = (
				826ACEE01BF1B10A00B5FC5D /* Appz */,
				826ACEEC1BF1B10A00B5FC5D /* AppzTests */,
				826ACEDF1BF1B10A00B5FC5D /* Products */,
			);
			sourceTree = "<group>";
		};
		826ACEDF1BF1B10A00B5FC5D /* Products */ = {
			isa = PBXGroup;
			children = (
				826ACEDE1BF1B10A00B5FC5D /* Appz.framework */,
				826ACEE81BF1B10A00B5FC5D /* AppzTests.xctest */,
			);
			name = Products;
			sourceTree = "<group>";
		};
		826ACEE01BF1B10A00B5FC5D /* Appz */ = {
			isa = PBXGroup;
			children = (
				826ACF1C1BF1BE9C00B5FC5D /* Apps */,
				826ACF171BF1BCF500B5FC5D /* Entity */,
				826ACF231BF1BFE100B5FC5D /* Extensions */,
				826ACEE31BF1B10A00B5FC5D /* Info.plist */,
			);
			path = Appz;
			sourceTree = "<group>";
		};
		826ACEEC1BF1B10A00B5FC5D /* AppzTests */ = {
			isa = PBXGroup;
			children = (
				8246C8C81C1F990D00569119 /* AppsTests */,
				8246C8D31C1F9AE800569119 /* EntityTests */,
				8254C77A1C25740A009DB3BD /* Extensions */,
				827EF6151BF2751C000B1607 /* Mocks */,
				826ACEEF1BF1B10A00B5FC5D /* Info.plist */,
			);
			path = AppzTests;
			sourceTree = "<group>";
		};
		826ACF171BF1BCF500B5FC5D /* Entity */ = {
			isa = PBXGroup;
			children = (
				826ACF5B1BF1E26B00B5FC5D /* ApplicationCaller.swift */,
				826ACF181BF1BD1F00B5FC5D /* Applications.swift */,
				826ACF1A1BF1BD7F00B5FC5D /* ExternalApplication.swift */,
				82D9A0FA1C1E495D00EAC0ED /* Path.swift */,
			);
			path = Entity;
			sourceTree = "<group>";
		};
		826ACF1C1BF1BE9C00B5FC5D /* Apps */ = {
			isa = PBXGroup;
			children = (
				826ACF211BF1BEBF00B5FC5D /* AppStore.swift */,
				3098B0DA1C13EDCA00AFAD36 /* Instagram.swift */,
				301B4A4C1C12308900038DF1 /* Mail.swift */,
				301B4A4A1C122E8F00038DF1 /* Messages.swift */,
				826ACF1F1BF1BEB800B5FC5D /* Settings.swift */,
				826ACF1D1BF1BEB000B5FC5D /* Twitter.swift */,
			);
			path = Apps;
			sourceTree = "<group>";
		};
		826ACF231BF1BFE100B5FC5D /* Extensions */ = {
			isa = PBXGroup;
			children = (
				826ACF5D1BF1E4BE00B5FC5D /* NSExtensionContext+ApplicationCaller.swift */,
				826ACF241BF1C00800B5FC5D /* UIApplication+ApplicationCaller.swift */,
			);
			path = Extensions;
			sourceTree = "<group>";
		};
		827EF6151BF2751C000B1607 /* Mocks */ = {
			isa = PBXGroup;
			children = (
				827EF6161BF2756C000B1607 /* ApplicationCallerMock.swift */,
				8254C77D1C25751A009DB3BD /* SampleApp.swift */,
				8254C77F1C257523009DB3BD /* SampleAction.swift */,
			);
			path = Mocks;
			sourceTree = "<group>";
		};
/* End PBXGroup section */

/* Begin PBXHeadersBuildPhase section */
		826ACEDB1BF1B10A00B5FC5D /* Headers */ = {
			isa = PBXHeadersBuildPhase;
			buildActionMask = 2147483647;
			files = (
			);
			runOnlyForDeploymentPostprocessing = 0;
		};
/* End PBXHeadersBuildPhase section */

/* Begin PBXNativeTarget section */
		826ACEDD1BF1B10A00B5FC5D /* Appz-ios */ = {
			isa = PBXNativeTarget;
			buildConfigurationList = 826ACEF21BF1B10A00B5FC5D /* Build configuration list for PBXNativeTarget "Appz-ios" */;
			buildPhases = (
				826ACED91BF1B10A00B5FC5D /* Sources */,
				826ACEDA1BF1B10A00B5FC5D /* Frameworks */,
				826ACEDB1BF1B10A00B5FC5D /* Headers */,
				826ACEDC1BF1B10A00B5FC5D /* Resources */,
			);
			buildRules = (
			);
			dependencies = (
			);
			name = "Appz-ios";
			productName = Appz;
			productReference = 826ACEDE1BF1B10A00B5FC5D /* Appz.framework */;
			productType = "com.apple.product-type.framework";
		};
		826ACEE71BF1B10A00B5FC5D /* AppzTests */ = {
			isa = PBXNativeTarget;
			buildConfigurationList = 826ACEF51BF1B10A00B5FC5D /* Build configuration list for PBXNativeTarget "AppzTests" */;
			buildPhases = (
				826ACEE41BF1B10A00B5FC5D /* Sources */,
				826ACEE51BF1B10A00B5FC5D /* Frameworks */,
				826ACEE61BF1B10A00B5FC5D /* Resources */,
			);
			buildRules = (
			);
			dependencies = (
				826ACEEB1BF1B10A00B5FC5D /* PBXTargetDependency */,
			);
			name = AppzTests;
			productName = AppzTests;
			productReference = 826ACEE81BF1B10A00B5FC5D /* AppzTests.xctest */;
			productType = "com.apple.product-type.bundle.unit-test";
		};
/* End PBXNativeTarget section */

/* Begin PBXProject section */
		826ACED51BF1B10A00B5FC5D /* Project object */ = {
			isa = PBXProject;
			attributes = {
				LastSwiftUpdateCheck = 0710;
				LastUpgradeCheck = 0710;
				ORGANIZATIONNAME = kitz;
				TargetAttributes = {
					826ACEDD1BF1B10A00B5FC5D = {
						CreatedOnToolsVersion = 7.1;
						DevelopmentTeam = E2J4YRTW45;
					};
					826ACEE71BF1B10A00B5FC5D = {
						CreatedOnToolsVersion = 7.1;
					};
				};
			};
			buildConfigurationList = 826ACED81BF1B10A00B5FC5D /* Build configuration list for PBXProject "Appz" */;
			compatibilityVersion = "Xcode 3.2";
			developmentRegion = English;
			hasScannedForEncodings = 0;
			knownRegions = (
				en,
			);
			mainGroup = 826ACED41BF1B10A00B5FC5D;
			productRefGroup = 826ACEDF1BF1B10A00B5FC5D /* Products */;
			projectDirPath = "";
			projectRoot = "";
			targets = (
				826ACEDD1BF1B10A00B5FC5D /* Appz-ios */,
				826ACEE71BF1B10A00B5FC5D /* AppzTests */,
			);
		};
/* End PBXProject section */

/* Begin PBXResourcesBuildPhase section */
		826ACEDC1BF1B10A00B5FC5D /* Resources */ = {
			isa = PBXResourcesBuildPhase;
			buildActionMask = 2147483647;
			files = (
			);
			runOnlyForDeploymentPostprocessing = 0;
		};
		826ACEE61BF1B10A00B5FC5D /* Resources */ = {
			isa = PBXResourcesBuildPhase;
			buildActionMask = 2147483647;
			files = (
			);
			runOnlyForDeploymentPostprocessing = 0;
		};
/* End PBXResourcesBuildPhase section */

/* Begin PBXSourcesBuildPhase section */
		826ACED91BF1B10A00B5FC5D /* Sources */ = {
			isa = PBXSourcesBuildPhase;
			buildActionMask = 2147483647;
			files = (
				301B4A4D1C12308900038DF1 /* Mail.swift in Sources */,
				82D9A0FB1C1E495D00EAC0ED /* Path.swift in Sources */,
				3098B0DB1C13EDCA00AFAD36 /* Instagram.swift in Sources */,
				826ACF1B1BF1BD7F00B5FC5D /* ExternalApplication.swift in Sources */,
				301B4A4B1C122E8F00038DF1 /* Messages.swift in Sources */,
				826ACF5E1BF1E4BE00B5FC5D /* NSExtensionContext+ApplicationCaller.swift in Sources */,
				826ACF221BF1BEBF00B5FC5D /* AppStore.swift in Sources */,
				826ACF1E1BF1BEB000B5FC5D /* Twitter.swift in Sources */,
				826ACF201BF1BEB800B5FC5D /* Settings.swift in Sources */,
				826ACF191BF1BD1F00B5FC5D /* Applications.swift in Sources */,
				826ACF5C1BF1E26B00B5FC5D /* ApplicationCaller.swift in Sources */,
				826ACF251BF1C00800B5FC5D /* UIApplication+ApplicationCaller.swift in Sources */,
			);
			runOnlyForDeploymentPostprocessing = 0;
		};
		826ACEE41BF1B10A00B5FC5D /* Sources */ = {
			isa = PBXSourcesBuildPhase;
			buildActionMask = 2147483647;
			files = (
				8254C7791C24B515009DB3BD /* PathTests.swift in Sources */,
				8254C7801C257523009DB3BD /* SampleAction.swift in Sources */,
				82CAC1D31C2497390019D238 /* InstagramTests.swift in Sources */,
				8246C8D11C1F9AD600569119 /* SettingsTests.swift in Sources */,
				8246C8CF1C1F9AD600569119 /* MailTests.swift in Sources */,
				8254C77C1C25746E009DB3BD /* NSExtensionContextApplicationCallerTests.swift in Sources */,
				8246C8D01C1F9AD600569119 /* MessagesTest.swift in Sources */,
				8254C77E1C25751A009DB3BD /* SampleApp.swift in Sources */,
				8246C8CE1C1F9AD600569119 /* AppStoreTests.swift in Sources */,
				827EF6171BF2756C000B1607 /* ApplicationCallerMock.swift in Sources */,
				8246C8D21C1F9AD600569119 /* TwitterTests.swift in Sources */,
				8246C8D51C1F9B0800569119 /* ApplicationCallerTests.swift in Sources */,
			);
			runOnlyForDeploymentPostprocessing = 0;
		};
/* End PBXSourcesBuildPhase section */

/* Begin PBXTargetDependency section */
		826ACEEB1BF1B10A00B5FC5D /* PBXTargetDependency */ = {
			isa = PBXTargetDependency;
			target = 826ACEDD1BF1B10A00B5FC5D /* Appz-ios */;
			targetProxy = 826ACEEA1BF1B10A00B5FC5D /* PBXContainerItemProxy */;
		};
/* End PBXTargetDependency section */

/* Begin XCBuildConfiguration section */
		826ACEF01BF1B10A00B5FC5D /* Debug */ = {
			isa = XCBuildConfiguration;
			buildSettings = {
				ALWAYS_SEARCH_USER_PATHS = NO;
				CLANG_CXX_LANGUAGE_STANDARD = "gnu++0x";
				CLANG_CXX_LIBRARY = "libc++";
				CLANG_ENABLE_MODULES = YES;
				CLANG_ENABLE_OBJC_ARC = YES;
				CLANG_WARN_BOOL_CONVERSION = YES;
				CLANG_WARN_CONSTANT_CONVERSION = YES;
				CLANG_WARN_DIRECT_OBJC_ISA_USAGE = YES_ERROR;
				CLANG_WARN_EMPTY_BODY = YES;
				CLANG_WARN_ENUM_CONVERSION = YES;
				CLANG_WARN_INT_CONVERSION = YES;
				CLANG_WARN_OBJC_ROOT_CLASS = YES_ERROR;
				CLANG_WARN_UNREACHABLE_CODE = YES;
				CLANG_WARN__DUPLICATE_METHOD_MATCH = YES;
				"CODE_SIGN_IDENTITY[sdk=iphoneos*]" = "iPhone Developer";
				COPY_PHASE_STRIP = NO;
				CURRENT_PROJECT_VERSION = 1;
				DEBUG_INFORMATION_FORMAT = dwarf;
				ENABLE_STRICT_OBJC_MSGSEND = YES;
				ENABLE_TESTABILITY = YES;
				GCC_C_LANGUAGE_STANDARD = gnu99;
				GCC_DYNAMIC_NO_PIC = NO;
				GCC_NO_COMMON_BLOCKS = YES;
				GCC_OPTIMIZATION_LEVEL = 0;
				GCC_PREPROCESSOR_DEFINITIONS = (
					"DEBUG=1",
					"$(inherited)",
				);
				GCC_WARN_64_TO_32_BIT_CONVERSION = YES;
				GCC_WARN_ABOUT_RETURN_TYPE = YES_ERROR;
				GCC_WARN_UNDECLARED_SELECTOR = YES;
				GCC_WARN_UNINITIALIZED_AUTOS = YES_AGGRESSIVE;
				GCC_WARN_UNUSED_FUNCTION = YES;
				GCC_WARN_UNUSED_VARIABLE = YES;
				IPHONEOS_DEPLOYMENT_TARGET = 8.0;
				MTL_ENABLE_DEBUG_INFO = YES;
				ONLY_ACTIVE_ARCH = YES;
				SDKROOT = iphoneos;
				SWIFT_OPTIMIZATION_LEVEL = "-Onone";
				TARGETED_DEVICE_FAMILY = "1,2";
				VERSIONING_SYSTEM = "apple-generic";
				VERSION_INFO_PREFIX = "";
			};
			name = Debug;
		};
		826ACEF11BF1B10A00B5FC5D /* Release */ = {
			isa = XCBuildConfiguration;
			buildSettings = {
				ALWAYS_SEARCH_USER_PATHS = NO;
				CLANG_CXX_LANGUAGE_STANDARD = "gnu++0x";
				CLANG_CXX_LIBRARY = "libc++";
				CLANG_ENABLE_MODULES = YES;
				CLANG_ENABLE_OBJC_ARC = YES;
				CLANG_WARN_BOOL_CONVERSION = YES;
				CLANG_WARN_CONSTANT_CONVERSION = YES;
				CLANG_WARN_DIRECT_OBJC_ISA_USAGE = YES_ERROR;
				CLANG_WARN_EMPTY_BODY = YES;
				CLANG_WARN_ENUM_CONVERSION = YES;
				CLANG_WARN_INT_CONVERSION = YES;
				CLANG_WARN_OBJC_ROOT_CLASS = YES_ERROR;
				CLANG_WARN_UNREACHABLE_CODE = YES;
				CLANG_WARN__DUPLICATE_METHOD_MATCH = YES;
				"CODE_SIGN_IDENTITY[sdk=iphoneos*]" = "iPhone Developer";
				COPY_PHASE_STRIP = NO;
				CURRENT_PROJECT_VERSION = 1;
				DEBUG_INFORMATION_FORMAT = "dwarf-with-dsym";
				ENABLE_NS_ASSERTIONS = NO;
				ENABLE_STRICT_OBJC_MSGSEND = YES;
				GCC_C_LANGUAGE_STANDARD = gnu99;
				GCC_NO_COMMON_BLOCKS = YES;
				GCC_WARN_64_TO_32_BIT_CONVERSION = YES;
				GCC_WARN_ABOUT_RETURN_TYPE = YES_ERROR;
				GCC_WARN_UNDECLARED_SELECTOR = YES;
				GCC_WARN_UNINITIALIZED_AUTOS = YES_AGGRESSIVE;
				GCC_WARN_UNUSED_FUNCTION = YES;
				GCC_WARN_UNUSED_VARIABLE = YES;
				IPHONEOS_DEPLOYMENT_TARGET = 8.0;
				MTL_ENABLE_DEBUG_INFO = NO;
				SDKROOT = iphoneos;
				TARGETED_DEVICE_FAMILY = "1,2";
				VALIDATE_PRODUCT = YES;
				VERSIONING_SYSTEM = "apple-generic";
				VERSION_INFO_PREFIX = "";
			};
			name = Release;
		};
		826ACEF31BF1B10A00B5FC5D /* Debug */ = {
			isa = XCBuildConfiguration;
			buildSettings = {
				CLANG_ENABLE_MODULES = YES;
				CODE_SIGN_IDENTITY = "iPhone Developer";
				"CODE_SIGN_IDENTITY[sdk=iphoneos*]" = "iPhone Developer";
				DEFINES_MODULE = YES;
				DYLIB_COMPATIBILITY_VERSION = 1;
				DYLIB_CURRENT_VERSION = 1;
				DYLIB_INSTALL_NAME_BASE = "@rpath";
				INFOPLIST_FILE = Appz/Info.plist;
				INSTALL_PATH = "$(LOCAL_LIBRARY_DIR)/Frameworks";
				LD_RUNPATH_SEARCH_PATHS = "$(inherited) @executable_path/Frameworks @loader_path/Frameworks";
				PRODUCT_BUNDLE_IDENTIFIER = io.kitz.Appz;
				PRODUCT_NAME = Appz;
				PROVISIONING_PROFILE = "";
				SKIP_INSTALL = YES;
				SWIFT_OPTIMIZATION_LEVEL = "-Onone";
			};
			name = Debug;
		};
		826ACEF41BF1B10A00B5FC5D /* Release */ = {
			isa = XCBuildConfiguration;
			buildSettings = {
				CLANG_ENABLE_MODULES = YES;
				CODE_SIGN_IDENTITY = "iPhone Developer";
				"CODE_SIGN_IDENTITY[sdk=iphoneos*]" = "iPhone Developer";
				DEFINES_MODULE = YES;
				DYLIB_COMPATIBILITY_VERSION = 1;
				DYLIB_CURRENT_VERSION = 1;
				DYLIB_INSTALL_NAME_BASE = "@rpath";
				INFOPLIST_FILE = Appz/Info.plist;
				INSTALL_PATH = "$(LOCAL_LIBRARY_DIR)/Frameworks";
				LD_RUNPATH_SEARCH_PATHS = "$(inherited) @executable_path/Frameworks @loader_path/Frameworks";
				PRODUCT_BUNDLE_IDENTIFIER = io.kitz.Appz;
				PRODUCT_NAME = Appz;
				PROVISIONING_PROFILE = "";
				SKIP_INSTALL = YES;
			};
			name = Release;
		};
		826ACEF61BF1B10A00B5FC5D /* Debug */ = {
			isa = XCBuildConfiguration;
			buildSettings = {
				CLANG_ENABLE_MODULES = YES;
				INFOPLIST_FILE = AppzTests/Info.plist;
				LD_RUNPATH_SEARCH_PATHS = "$(inherited) @executable_path/Frameworks @loader_path/Frameworks";
				PRODUCT_BUNDLE_IDENTIFIER = io.kitz.AppzTests;
				PRODUCT_NAME = "$(TARGET_NAME)";
				SWIFT_OPTIMIZATION_LEVEL = "-Onone";
			};
			name = Debug;
		};
		826ACEF71BF1B10A00B5FC5D /* Release */ = {
			isa = XCBuildConfiguration;
			buildSettings = {
				CLANG_ENABLE_MODULES = YES;
				INFOPLIST_FILE = AppzTests/Info.plist;
				LD_RUNPATH_SEARCH_PATHS = "$(inherited) @executable_path/Frameworks @loader_path/Frameworks";
				PRODUCT_BUNDLE_IDENTIFIER = io.kitz.AppzTests;
				PRODUCT_NAME = "$(TARGET_NAME)";
			};
			name = Release;
		};
/* End XCBuildConfiguration section */

/* Begin XCConfigurationList section */
		826ACED81BF1B10A00B5FC5D /* Build configuration list for PBXProject "Appz" */ = {
			isa = XCConfigurationList;
			buildConfigurations = (
				826ACEF01BF1B10A00B5FC5D /* Debug */,
				826ACEF11BF1B10A00B5FC5D /* Release */,
			);
			defaultConfigurationIsVisible = 0;
			defaultConfigurationName = Release;
		};
		826ACEF21BF1B10A00B5FC5D /* Build configuration list for PBXNativeTarget "Appz-ios" */ = {
			isa = XCConfigurationList;
			buildConfigurations = (
				826ACEF31BF1B10A00B5FC5D /* Debug */,
				826ACEF41BF1B10A00B5FC5D /* Release */,
			);
			defaultConfigurationIsVisible = 0;
			defaultConfigurationName = Release;
		};
		826ACEF51BF1B10A00B5FC5D /* Build configuration list for PBXNativeTarget "AppzTests" */ = {
			isa = XCConfigurationList;
			buildConfigurations = (
				826ACEF61BF1B10A00B5FC5D /* Debug */,
				826ACEF71BF1B10A00B5FC5D /* Release */,
			);
			defaultConfigurationIsVisible = 0;
			defaultConfigurationName = Release;
		};
/* End XCConfigurationList section */
	};
	rootObject = 826ACED51BF1B10A00B5FC5D /* Project object */;
}
